{
  "version": 4,
  "terraform_version": "1.7.4",
  "serial": 151,
  "lineage": "b71731c9-af5b-0b24-fb66-3d67c29c9f53",
  "outputs": {
    "Agent_IP": {
      "value": "172.191.63.139",
      "type": "string"
    },
    "add_system_assigned_identity": {
      "value": false,
      "type": "bool"
    },
    "automation_version": {
      "value": "3.10.1.0",
      "type": "string"
    },
    "created_resource_group_id": {
      "value": "/subscriptions/d6c8e3b6-467e-452e-97c9-49d9de9e37da/resourceGroups/MGMT-NOEU-DEP02-INFRASTRUCTURE",
      "type": "string"
    },
    "created_resource_group_location": {
      "value": "northeurope",
      "type": "string"
    },
    "created_resource_group_name": {
      "value": "MGMT-NOEU-DEP02-INFRASTRUCTURE",
      "type": "string"
    },
    "created_resource_group_subscription_id": {
      "value": "d6c8e3b6-467e-452e-97c9-49d9de9e37da",
      "type": "string"
    },
    "deployer_app_config_name": {
      "value": "mgmtnoeuapc8f0",
      "type": "string"
    },
    "deployer_extension_ids": {
      "value": [
        "/subscriptions/d6c8e3b6-467e-452e-97c9-49d9de9e37da/resourceGroups/MGMT-NOEU-DEP02-INFRASTRUCTURE/providers/Microsoft.Compute/virtualMachines/MGMT-NOEU-DEP02_mgmtnoeudep02deploy00/extensions/configure_deployer"
      ],
      "type": [
        "tuple",
        [
          "string"
        ]
      ]
    },
    "deployer_id": {
      "value": {
        "b64_std": "jwmKcQ==",
        "b64_url": "jwmKcQ",
        "byte_length": 4,
        "dec": "2399767153",
        "hex": "8f098a71",
        "id": "jwmKcQ",
        "keepers": null,
        "prefix": null
      },
      "type": [
        "object",
        {
          "b64_std": "string",
          "b64_url": "string",
          "byte_length": "number",
          "dec": "string",
          "hex": "string",
          "id": "string",
          "keepers": [
            "map",
            "string"
          ],
          "prefix": "string"
        }
      ]
    },
    "deployer_kv_user_arm_id": {
      "value": "/subscriptions/d6c8e3b6-467e-452e-97c9-49d9de9e37da/resourceGroups/MGMT-NOEU-DEP02-INFRASTRUCTURE/providers/Microsoft.KeyVault/vaults/MGMTNOEUDEP02user8F0",
      "type": "string"
    },
    "deployer_kv_user_name": {
      "value": "MGMTNOEUDEP02user8F0",
      "type": "string"
    },
    "deployer_msi_id": {
      "value": "23dddcc7-aa74-4b71-a4bf-59962569b53b",
      "type": "string"
    },
    "deployer_public_ip_address": {
      "value": "52.169.139.214",
      "type": "string"
    },
    "deployer_sshkey": {
      "value": "MGMT-NOEU-DEP02-sshkey",
      "type": "string"
    },
    "deployer_sshkey_secret_name": {
      "value": "MGMT-NOEU-DEP02-sshkey",
      "type": "string"
    },
    "deployer_system_assigned_identity": {
      "value": [
        ""
      ],
      "type": [
        "tuple",
        [
          "string"
        ]
      ]
    },
    "deployer_uai": {
      "value": {
        "principal_id": "23dddcc7-aa74-4b71-a4bf-59962569b53b",
        "tenant_id": "c01abe72-ffef-4ecc-bda0-937975b49e6b"
      },
      "type": [
        "object",
        {
          "principal_id": "string",
          "tenant_id": "string"
        }
      ]
    },
    "enable_firewall_for_keyvaults_and_storage": {
      "value": false,
      "type": "bool"
    },
    "environment": {
      "value": "MGMT",
      "type": "string"
    },
    "firewall_id": {
      "value": "",
      "type": "string"
    },
    "firewall_ip": {
      "value": "",
      "type": "string"
    },
    "public_network_access_enabled": {
      "value": true,
      "type": "bool"
    },
    "random_id_b64": {
      "value": "jwmKcQ",
      "type": "string"
    },
    "set_secret_expiry": {
      "value": false,
      "type": "bool"
    },
    "subnet_bastion_address_prefixes": {
      "value": [
        ""
      ],
      "type": [
        "tuple",
        [
          "string"
        ]
      ]
    },
    "subnet_mgmt_address_prefixes": {
      "value": [
        "10.170.20.64/28"
      ],
      "type": [
        "list",
        "string"
      ]
    },
    "subnet_mgmt_id": {
      "value": "/subscriptions/d6c8e3b6-467e-452e-97c9-49d9de9e37da/resourceGroups/MGMT-NOEU-DEP02-INFRASTRUCTURE/providers/Microsoft.Network/virtualNetworks/MGMT-NOEU-DEP02-vnet/subnets/MGMT-NOEU-DEP02_deployment-subnet",
      "type": "string"
    },
    "subnet_webapp_id": {
      "value": "/subscriptions/d6c8e3b6-467e-452e-97c9-49d9de9e37da/resourceGroups/MGMT-NOEU-DEP02-INFRASTRUCTURE/providers/Microsoft.Network/virtualNetworks/MGMT-NOEU-DEP02-vnet/subnets/AzureWebappSubnet",
      "type": "string"
    },
    "subnets_to_add_to_firewall_for_keyvaults_and_storage": {
      "value": [],
      "type": [
        "tuple",
        []
      ]
    },
    "vnet_mgmt_id": {
      "value": "/subscriptions/d6c8e3b6-467e-452e-97c9-49d9de9e37da/resourceGroups/MGMT-NOEU-DEP02-INFRASTRUCTURE/providers/Microsoft.Network/virtualNetworks/MGMT-NOEU-DEP02-vnet",
      "type": "string"
    },
    "webapp_id": {
      "value": "",
      "type": "string"
    },
    "webapp_identity": {
      "value": "",
      "type": "string"
    },
    "webapp_url_base": {
      "value": "",
      "type": "string"
    }
  },
  "resources": [
    {
      "mode": "data",
      "type": "azurerm_client_config",
      "name": "current",
      "provider": "provider[\"registry.terraform.io/hashicorp/azurerm\"]",
      "instances": [
        {
          "schema_version": 0,
          "attributes": {
            "client_id": "ef6134f6-3912-41f7-b684-63fe90ae4100",
            "id": "Y2xpZW50Q29uZmlncy9jbGllbnRJZD1lZjYxMzRmNi0zOTEyLTQxZjctYjY4NC02M2ZlOTBhZTQxMDA7b2JqZWN0SWQ9Y2I1N2NlMjYtNDdmNi00ZGEwLTkzYzItNzFjN2E2YzgxNWU3O3N1YnNjcmlwdGlvbklkPWQ2YzhlM2I2LTQ2N2UtNDUyZS05N2M5LTQ5ZDlkZTllMzdkYTt0ZW5hbnRJZD1jMDFhYmU3Mi1mZmVmLTRlY2MtYmRhMC05Mzc5NzViNDllNmI=",
            "object_id": "cb57ce26-47f6-4da0-93c2-71c7a6c815e7",
            "subscription_id": "d6c8e3b6-467e-452e-97c9-49d9de9e37da",
            "tenant_id": "c01abe72-ffef-4ecc-bda0-937975b49e6b",
            "timeouts": null
          },
          "sensitive_attributes": []
        }
      ]
    },
    {
      "module": "module.sap_deployer",
      "mode": "data",
      "type": "azurerm_client_config",
      "name": "current",
      "provider": "provider[\"registry.terraform.io/hashicorp/azurerm\"]",
      "instances": [
        {
          "schema_version": 0,
          "attributes": {
            "client_id": "ef6134f6-3912-41f7-b684-63fe90ae4100",
            "id": "Y2xpZW50Q29uZmlncy9jbGllbnRJZD1lZjYxMzRmNi0zOTEyLTQxZjctYjY4NC02M2ZlOTBhZTQxMDA7b2JqZWN0SWQ9Y2I1N2NlMjYtNDdmNi00ZGEwLTkzYzItNzFjN2E2YzgxNWU3O3N1YnNjcmlwdGlvbklkPWQ2YzhlM2I2LTQ2N2UtNDUyZS05N2M5LTQ5ZDlkZTllMzdkYTt0ZW5hbnRJZD1jMDFhYmU3Mi1mZmVmLTRlY2MtYmRhMC05Mzc5NzViNDllNmI=",
            "object_id": "cb57ce26-47f6-4da0-93c2-71c7a6c815e7",
            "subscription_id": "d6c8e3b6-467e-452e-97c9-49d9de9e37da",
            "tenant_id": "c01abe72-ffef-4ecc-bda0-937975b49e6b",
            "timeouts": null
          },
          "sensitive_attributes": []
        }
      ]
    },
    {
      "module": "module.sap_deployer",
      "mode": "data",
      "type": "azurerm_client_config",
      "name": "deployer",
      "provider": "provider[\"registry.terraform.io/hashicorp/azurerm\"].main",
      "instances": [
        {
          "schema_version": 0,
          "attributes": {
            "client_id": "ef6134f6-3912-41f7-b684-63fe90ae4100",
            "id": "Y2xpZW50Q29uZmlncy9jbGllbnRJZD1lZjYxMzRmNi0zOTEyLTQxZjctYjY4NC02M2ZlOTBhZTQxMDA7b2JqZWN0SWQ9Y2I1N2NlMjYtNDdmNi00ZGEwLTkzYzItNzFjN2E2YzgxNWU3O3N1YnNjcmlwdGlvbklkPWQ2YzhlM2I2LTQ2N2UtNDUyZS05N2M5LTQ5ZDlkZTllMzdkYTt0ZW5hbnRJZD1jMDFhYmU3Mi1mZmVmLTRlY2MtYmRhMC05Mzc5NzViNDllNmI=",
            "object_id": "cb57ce26-47f6-4da0-93c2-71c7a6c815e7",
            "subscription_id": "d6c8e3b6-467e-452e-97c9-49d9de9e37da",
            "tenant_id": "c01abe72-ffef-4ecc-bda0-937975b49e6b",
            "timeouts": null
          },
          "sensitive_attributes": []
        }
      ]
    },
    {
      "module": "module.sap_deployer",
      "mode": "data",
      "type": "azurerm_key_vault",
      "name": "kv_user",
      "provider": "provider[\"registry.terraform.io/hashicorp/azurerm\"]",
      "instances": []
    },
    {
      "module": "module.sap_deployer",
      "mode": "data",
      "type": "azurerm_key_vault_secret",
      "name": "pk",
      "provider": "provider[\"registry.terraform.io/hashicorp/azurerm\"]",
      "instances": []
    },
    {
      "module": "module.sap_deployer",
      "mode": "data",
      "type": "azurerm_key_vault_secret",
      "name": "ppk",
      "provider": "provider[\"registry.terraform.io/hashicorp/azurerm\"]",
      "instances": []
    },
    {
      "module": "module.sap_deployer",
      "mode": "data",
      "type": "azurerm_key_vault_secret",
      "name": "pwd",
      "provider": "provider[\"registry.terraform.io/hashicorp/azurerm\"]",
      "instances": []
    },
    {
      "module": "module.sap_deployer",
      "mode": "data",
      "type": "azurerm_key_vault_secret",
      "name": "username",
      "provider": "provider[\"registry.terraform.io/hashicorp/azurerm\"]",
      "instances": []
    },
    {
      "module": "module.sap_deployer",
      "mode": "data",
      "type": "azurerm_network_security_group",
      "name": "nsg_mgmt",
      "provider": "provider[\"registry.terraform.io/hashicorp/azurerm\"]",
      "instances": []
    },
    {
      "module": "module.sap_deployer",
      "mode": "data",
      "type": "azurerm_resource_group",
      "name": "deployer",
      "provider": "provider[\"registry.terraform.io/hashicorp/azurerm\"]",
      "instances": []
    },
    {
      "module": "module.sap_deployer",
      "mode": "data",
      "type": "azurerm_storage_account",
      "name": "deployer",
      "provider": "provider[\"registry.terraform.io/hashicorp/azurerm\"]",
      "instances": []
    },
    {
      "module": "module.sap_deployer",
      "mode": "data",
      "type": "azurerm_subnet",
      "name": "bastion",
      "provider": "provider[\"registry.terraform.io/hashicorp/azurerm\"]",
      "instances": []
    },
    {
      "module": "module.sap_deployer",
      "mode": "data",
      "type": "azurerm_subnet",
      "name": "firewall",
      "provider": "provider[\"registry.terraform.io/hashicorp/azurerm\"]",
      "instances": []
    },
    {
      "module": "module.sap_deployer",
      "mode": "data",
      "type": "azurerm_subnet",
      "name": "subnet_mgmt",
      "provider": "provider[\"registry.terraform.io/hashicorp/azurerm\"]",
      "instances": []
    },
    {
      "module": "module.sap_deployer",
      "mode": "data",
      "type": "azurerm_subnet",
      "name": "webapp",
      "provider": "provider[\"registry.terraform.io/hashicorp/azurerm\"]",
      "instances": []
    },
    {
      "module": "module.sap_deployer",
      "mode": "data",
      "type": "azurerm_subscription",
      "name": "primary",
      "provider": "provider[\"registry.terraform.io/hashicorp/azurerm\"]",
      "instances": [
        {
          "schema_version": 0,
          "attributes": {
            "display_name": "SAP sapcontoso.com",
            "id": "/subscriptions/d6c8e3b6-467e-452e-97c9-49d9de9e37da",
            "location_placement_id": "Internal_2014-09-01",
            "quota_id": "Internal_2014-09-01",
            "spending_limit": "Off",
            "state": "Enabled",
            "subscription_id": "d6c8e3b6-467e-452e-97c9-49d9de9e37da",
            "tags": {},
            "tenant_id": "c01abe72-ffef-4ecc-bda0-937975b49e6b",
            "timeouts": null
          },
          "sensitive_attributes": []
        }
      ]
    },
    {
      "module": "module.sap_deployer",
      "mode": "data",
      "type": "azurerm_virtual_network",
      "name": "vnet_mgmt",
      "provider": "provider[\"registry.terraform.io/hashicorp/azurerm\"]",
      "instances": []
    },
    {
      "module": "module.sap_deployer",
      "mode": "managed",
      "type": "azurerm_app_configuration",
      "name": "app_config",
      "provider": "provider[\"registry.terraform.io/hashicorp/azurerm\"].main",
      "instances": [
        {
          "index_key": 0,
          "schema_version": 0,
          "attributes": {
            "encryption": [],
            "endpoint": "https://mgmtnoeuapc8f0.azconfig.io",
            "id": "/subscriptions/d6c8e3b6-467e-452e-97c9-49d9de9e37da/resourceGroups/MGMT-NOEU-DEP02-INFRASTRUCTURE/providers/Microsoft.AppConfiguration/configurationStores/mgmtnoeuapc8f0",
            "identity": [],
            "local_auth_enabled": true,
            "location": "northeurope",
            "name": "mgmtnoeuapc8f0",
            "primary_read_key": [
              {
                "connection_string": "Endpoint=https://mgmtnoeuapc8f0.azconfig.io;Id=N/SJ;Secret=uXwjI8Bw9py5XvKRSvm9bJeaXPmccMh5K0QXtNbrGn0=",
                "id": "N/SJ",
                "secret": "uXwjI8Bw9py5XvKRSvm9bJeaXPmccMh5K0QXtNbrGn0="
              }
            ],
            "primary_write_key": [
              {
                "connection_string": "Endpoint=https://mgmtnoeuapc8f0.azconfig.io;Id=ugVi;Secret=JNDO8MKi1VhCLdRzQNzvHyCeWPfB7a/jKCF40C9aHac=",
                "id": "ugVi",
                "secret": "JNDO8MKi1VhCLdRzQNzvHyCeWPfB7a/jKCF40C9aHac="
              }
            ],
            "public_network_access": "",
            "purge_protection_enabled": false,
            "replica": [],
            "resource_group_name": "MGMT-NOEU-DEP02-INFRASTRUCTURE",
            "secondary_read_key": [
              {
                "connection_string": "Endpoint=https://mgmtnoeuapc8f0.azconfig.io;Id=xmXO;Secret=fl6GaHfe1iyZXKe0yjIQQat/0VgEs1NxFnRIPkBrMDw=",
                "id": "xmXO",
                "secret": "fl6GaHfe1iyZXKe0yjIQQat/0VgEs1NxFnRIPkBrMDw="
              }
            ],
            "secondary_write_key": [
              {
                "connection_string": "Endpoint=https://mgmtnoeuapc8f0.azconfig.io;Id=AFzr;Secret=589n7oWhLQj+JiCQIZm/heVIZcwLOEw+50XeDlllduQ=",
                "id": "AFzr",
                "secret": "589n7oWhLQj+JiCQIZm/heVIZcwLOEw+50XeDlllduQ="
              }
            ],
            "sku": "standard",
            "soft_delete_retention_days": 7,
            "tags": {},
            "timeouts": null
          },
          "sensitive_attributes": [],
          "private": "eyJlMmJmYjczMC1lY2FhLTExZTYtOGY4OC0zNDM2M2JjN2M0YzAiOnsiY3JlYXRlIjozNjAwMDAwMDAwMDAwLCJkZWxldGUiOjM2MDAwMDAwMDAwMDAsInJlYWQiOjMwMDAwMDAwMDAwMCwidXBkYXRlIjozNjAwMDAwMDAwMDAwfX0=",
          "dependencies": [
            "module.sap_deployer.azurerm_resource_group.deployer",
            "module.sap_deployer.data.azurerm_resource_group.deployer",
            "module.sap_deployer.random_id.deployer"
          ]
        }
      ]
    },
    {
      "module": "module.sap_deployer",
      "mode": "managed",
      "type": "azurerm_app_service_virtual_network_swift_connection",
      "name": "webapp_vnet_connection",
      "provider": "provider[\"registry.terraform.io/hashicorp/azurerm\"]",
      "instances": [
        {
          "index_key": 0,
          "schema_version": 0,
          "attributes": {
            "app_service_id": "/subscriptions/d6c8e3b6-467e-452e-97c9-49d9de9e37da/resourceGroups/MGMT-NOEU-DEP02-INFRASTRUCTURE/providers/Microsoft.Web/sites/mgmt-noeu-sapdeployment8f0",
            "id": "/subscriptions/d6c8e3b6-467e-452e-97c9-49d9de9e37da/resourceGroups/MGMT-NOEU-DEP02-INFRASTRUCTURE/providers/Microsoft.Web/sites/mgmt-noeu-sapdeployment8f0/config/virtualNetwork",
            "subnet_id": "/subscriptions/d6c8e3b6-467e-452e-97c9-49d9de9e37da/resourceGroups/MGMT-NOEU-DEP02-INFRASTRUCTURE/providers/Microsoft.Network/virtualNetworks/MGMT-NOEU-DEP02-vnet/subnets/AzureWebappSubnet",
            "timeouts": null
          },
          "sensitive_attributes": [],
          "private": "eyJlMmJmYjczMC1lY2FhLTExZTYtOGY4OC0zNDM2M2JjN2M0YzAiOnsiY3JlYXRlIjoxODAwMDAwMDAwMDAwLCJkZWxldGUiOjE4MDAwMDAwMDAwMDAsInJlYWQiOjMwMDAwMDAwMDAwMCwidXBkYXRlIjoxODAwMDAwMDAwMDAwfSwic2NoZW1hX3ZlcnNpb24iOiIwIn0=",
          "dependencies": [
            "module.sap_deployer.azurerm_resource_group.deployer",
            "module.sap_deployer.azurerm_service_plan.appserviceplan",
            "module.sap_deployer.azurerm_subnet.subnet_mgmt",
            "module.sap_deployer.azurerm_subnet.webapp",
            "module.sap_deployer.azurerm_user_assigned_identity.deployer",
            "module.sap_deployer.azurerm_virtual_network.vnet_mgmt",
            "module.sap_deployer.azurerm_windows_web_app.webapp",
            "module.sap_deployer.data.azurerm_client_config.deployer",
            "module.sap_deployer.data.azurerm_resource_group.deployer",
            "module.sap_deployer.data.azurerm_subnet.webapp",
            "module.sap_deployer.data.azurerm_virtual_network.vnet_mgmt",
            "module.sap_deployer.random_id.deployer"
          ]
        }
      ]
    },
    {
      "module": "module.sap_deployer",
      "mode": "managed",
      "type": "azurerm_bastion_host",
      "name": "bastion",
      "provider": "provider[\"registry.terraform.io/hashicorp/azurerm\"]",
      "instances": []
    },
    {
      "module": "module.sap_deployer",
      "mode": "managed",
      "type": "azurerm_firewall",
      "name": "firewall",
      "provider": "provider[\"registry.terraform.io/hashicorp/azurerm\"]",
      "instances": []
    },
    {
      "module": "module.sap_deployer",
      "mode": "managed",
      "type": "azurerm_firewall_network_rule_collection",
      "name": "firewall-azure",
      "provider": "provider[\"registry.terraform.io/hashicorp/azurerm\"]",
      "instances": []
    },
    {
      "module": "module.sap_deployer",
      "mode": "managed",
      "type": "azurerm_key_vault",
      "name": "kv_user",
      "provider": "provider[\"registry.terraform.io/hashicorp/azurerm\"]",
      "instances": [
        {
          "index_key": 0,
          "schema_version": 2,
          "attributes": {
            "access_policy": [
              {
                "application_id": "",
                "certificate_permissions": [],
                "key_permissions": [],
                "object_id": "cb57ce26-47f6-4da0-93c2-71c7a6c815e7",
                "secret_permissions": [
                  "Get",
                  "List",
                  "Set",
                  "Delete",
                  "Recover",
                  "Backup",
                  "Restore",
                  "Purge"
                ],
                "storage_permissions": [],
                "tenant_id": "c01abe72-ffef-4ecc-bda0-937975b49e6b"
              },
              {
                "application_id": "",
                "certificate_permissions": [],
                "key_permissions": [],
                "object_id": "47778390-c43d-4e18-a90f-d816301b569f",
                "secret_permissions": [
                  "Get",
                  "List",
                  "Set",
                  "Delete",
                  "Recover",
                  "Backup",
                  "Restore"
                ],
                "storage_permissions": [],
                "tenant_id": "c01abe72-ffef-4ecc-bda0-937975b49e6b"
              },
              {
                "application_id": "",
                "certificate_permissions": [],
                "key_permissions": [],
                "object_id": "23dddcc7-aa74-4b71-a4bf-59962569b53b",
                "secret_permissions": [
                  "Get",
                  "List",
                  "Set",
                  "Delete",
                  "Recover",
                  "Backup",
                  "Restore",
                  "Purge"
                ],
                "storage_permissions": [],
                "tenant_id": "c01abe72-ffef-4ecc-bda0-937975b49e6b"
              }
            ],
            "contact": [],
            "enable_rbac_authorization": false,
            "enabled_for_deployment": false,
            "enabled_for_disk_encryption": false,
            "enabled_for_template_deployment": false,
            "id": "/subscriptions/d6c8e3b6-467e-452e-97c9-49d9de9e37da/resourceGroups/MGMT-NOEU-DEP02-INFRASTRUCTURE/providers/Microsoft.KeyVault/vaults/MGMTNOEUDEP02user8F0",
            "location": "northeurope",
            "name": "MGMTNOEUDEP02user8F0",
            "network_acls": [
              {
                "bypass": "AzureServices",
                "default_action": "Allow",
                "ip_rules": [],
                "virtual_network_subnet_ids": []
              }
            ],
            "public_network_access_enabled": true,
            "purge_protection_enabled": false,
            "resource_group_name": "MGMT-NOEU-DEP02-INFRASTRUCTURE",
            "sku_name": "standard",
            "soft_delete_retention_days": 7,
            "tags": {},
            "tenant_id": "c01abe72-ffef-4ecc-bda0-937975b49e6b",
            "timeouts": null,
            "vault_uri": "https://mgmtnoeudep02user8f0.vault.azure.net/"
          },
          "sensitive_attributes": [],
          "private": "eyJlMmJmYjczMC1lY2FhLTExZTYtOGY4OC0zNDM2M2JjN2M0YzAiOnsiY3JlYXRlIjoxODAwMDAwMDAwMDAwLCJkZWxldGUiOjE4MDAwMDAwMDAwMDAsInJlYWQiOjMwMDAwMDAwMDAwMCwidXBkYXRlIjoxODAwMDAwMDAwMDAwfSwic2NoZW1hX3ZlcnNpb24iOiIyIn0=",
          "dependencies": [
            "module.sap_deployer.azurerm_public_ip.deployer",
            "module.sap_deployer.azurerm_resource_group.deployer",
            "module.sap_deployer.azurerm_subnet.subnet_mgmt",
            "module.sap_deployer.azurerm_subnet.webapp",
            "module.sap_deployer.azurerm_user_assigned_identity.deployer",
            "module.sap_deployer.azurerm_virtual_network.vnet_mgmt",
            "module.sap_deployer.data.azurerm_resource_group.deployer",
            "module.sap_deployer.data.azurerm_subnet.subnet_mgmt",
            "module.sap_deployer.data.azurerm_subnet.webapp",
            "module.sap_deployer.data.azurerm_virtual_network.vnet_mgmt",
            "module.sap_deployer.random_id.deployer"
          ]
        }
      ]
    },
    {
      "module": "module.sap_deployer",
      "mode": "managed",
      "type": "azurerm_key_vault_access_policy",
      "name": "kv_user_additional_users",
      "provider": "provider[\"registry.terraform.io/hashicorp/azurerm\"].main",
      "instances": []
    },
    {
      "module": "module.sap_deployer",
      "mode": "managed",
      "type": "azurerm_key_vault_access_policy",
      "name": "kv_user_msi",
      "provider": "provider[\"registry.terraform.io/hashicorp/azurerm\"].main",
      "instances": [
        {
          "schema_version": 0,
          "attributes": {
            "application_id": "",
            "certificate_permissions": [],
            "id": "/subscriptions/d6c8e3b6-467e-452e-97c9-49d9de9e37da/resourceGroups/MGMT-NOEU-DEP02-INFRASTRUCTURE/providers/Microsoft.KeyVault/vaults/MGMTNOEUDEP02user8F0/objectId/23dddcc7-aa74-4b71-a4bf-59962569b53b",
            "key_permissions": [],
            "key_vault_id": "/subscriptions/d6c8e3b6-467e-452e-97c9-49d9de9e37da/resourceGroups/MGMT-NOEU-DEP02-INFRASTRUCTURE/providers/Microsoft.KeyVault/vaults/MGMTNOEUDEP02user8F0",
            "object_id": "23dddcc7-aa74-4b71-a4bf-59962569b53b",
            "secret_permissions": [
              "Get",
              "List",
              "Set",
              "Delete",
              "Recover",
              "Backup",
              "Restore",
              "Purge"
            ],
            "storage_permissions": [],
            "tenant_id": "c01abe72-ffef-4ecc-bda0-937975b49e6b",
            "timeouts": null
          },
          "sensitive_attributes": [],
          "private": "eyJlMmJmYjczMC1lY2FhLTExZTYtOGY4OC0zNDM2M2JjN2M0YzAiOnsiY3JlYXRlIjoxODAwMDAwMDAwMDAwLCJkZWxldGUiOjE4MDAwMDAwMDAwMDAsInJlYWQiOjMwMDAwMDAwMDAwMCwidXBkYXRlIjoxODAwMDAwMDAwMDAwfSwic2NoZW1hX3ZlcnNpb24iOiIwIn0=",
          "dependencies": [
            "module.sap_deployer.azurerm_key_vault.kv_user",
            "module.sap_deployer.azurerm_public_ip.deployer",
            "module.sap_deployer.azurerm_resource_group.deployer",
            "module.sap_deployer.azurerm_subnet.subnet_mgmt",
            "module.sap_deployer.azurerm_subnet.webapp",
            "module.sap_deployer.azurerm_user_assigned_identity.deployer",
            "module.sap_deployer.azurerm_virtual_network.vnet_mgmt",
            "module.sap_deployer.data.azurerm_key_vault.kv_user",
            "module.sap_deployer.data.azurerm_resource_group.deployer",
            "module.sap_deployer.data.azurerm_subnet.subnet_mgmt",
            "module.sap_deployer.data.azurerm_subnet.webapp",
            "module.sap_deployer.data.azurerm_virtual_network.vnet_mgmt",
            "module.sap_deployer.random_id.deployer"
          ]
        }
      ]
    },
    {
      "module": "module.sap_deployer",
      "mode": "managed",
      "type": "azurerm_key_vault_access_policy",
      "name": "kv_user_pre_deployer",
      "provider": "provider[\"registry.terraform.io/hashicorp/azurerm\"].main",
      "instances": [
        {
          "index_key": 0,
          "schema_version": 0,
          "attributes": {
            "application_id": "",
            "certificate_permissions": [],
            "id": "/subscriptions/d6c8e3b6-467e-452e-97c9-49d9de9e37da/resourceGroups/MGMT-NOEU-DEP02-INFRASTRUCTURE/providers/Microsoft.KeyVault/vaults/MGMTNOEUDEP02user8F0/objectId/cb57ce26-47f6-4da0-93c2-71c7a6c815e7",
            "key_permissions": [],
            "key_vault_id": "/subscriptions/d6c8e3b6-467e-452e-97c9-49d9de9e37da/resourceGroups/MGMT-NOEU-DEP02-INFRASTRUCTURE/providers/Microsoft.KeyVault/vaults/MGMTNOEUDEP02user8F0",
            "object_id": "cb57ce26-47f6-4da0-93c2-71c7a6c815e7",
            "secret_permissions": [
              "Get",
              "List",
              "Set",
              "Delete",
              "Recover",
              "Backup",
              "Restore",
              "Purge"
            ],
            "storage_permissions": [],
            "tenant_id": "c01abe72-ffef-4ecc-bda0-937975b49e6b",
            "timeouts": null
          },
          "sensitive_attributes": [],
          "private": "eyJlMmJmYjczMC1lY2FhLTExZTYtOGY4OC0zNDM2M2JjN2M0YzAiOnsiY3JlYXRlIjoxODAwMDAwMDAwMDAwLCJkZWxldGUiOjE4MDAwMDAwMDAwMDAsInJlYWQiOjMwMDAwMDAwMDAwMCwidXBkYXRlIjoxODAwMDAwMDAwMDAwfX0=",
          "dependencies": [
            "module.sap_deployer.azurerm_key_vault.kv_user",
            "module.sap_deployer.azurerm_public_ip.deployer",
            "module.sap_deployer.azurerm_resource_group.deployer",
            "module.sap_deployer.azurerm_subnet.subnet_mgmt",
            "module.sap_deployer.azurerm_subnet.webapp",
            "module.sap_deployer.azurerm_user_assigned_identity.deployer",
            "module.sap_deployer.azurerm_virtual_network.vnet_mgmt",
            "module.sap_deployer.data.azurerm_client_config.deployer",
            "module.sap_deployer.data.azurerm_resource_group.deployer",
            "module.sap_deployer.data.azurerm_subnet.subnet_mgmt",
            "module.sap_deployer.data.azurerm_subnet.webapp",
            "module.sap_deployer.data.azurerm_virtual_network.vnet_mgmt",
            "module.sap_deployer.random_id.deployer"
          ]
        }
      ]
    },
    {
      "module": "module.sap_deployer",
      "mode": "managed",
      "type": "azurerm_key_vault_access_policy",
      "name": "kv_user_systemidentity",
      "provider": "provider[\"registry.terraform.io/hashicorp/azurerm\"].main",
      "instances": []
    },
    {
      "module": "module.sap_deployer",
      "mode": "managed",
      "type": "azurerm_key_vault_secret",
      "name": "pat",
      "provider": "provider[\"registry.terraform.io/hashicorp/azurerm\"]",
      "instances": [
        {
          "index_key": 0,
          "schema_version": 0,
          "attributes": {
            "content_type": "",
            "expiration_date": null,
            "id": "https://mgmtnoeudep02user8f0.vault.azure.net/secrets/PAT/3eb99926b1a74491a8cdf9ce697e53d9",
            "key_vault_id": "/subscriptions/d6c8e3b6-467e-452e-97c9-49d9de9e37da/resourceGroups/MGMT-NOEU-DEP02-INFRASTRUCTURE/providers/Microsoft.KeyVault/vaults/MGMTNOEUDEP02user8F0",
            "name": "PAT",
            "not_before_date": null,
            "resource_id": "/subscriptions/d6c8e3b6-467e-452e-97c9-49d9de9e37da/resourceGroups/MGMT-NOEU-DEP02-INFRASTRUCTURE/providers/Microsoft.KeyVault/vaults/MGMTNOEUDEP02user8F0/secrets/PAT/versions/3eb99926b1a74491a8cdf9ce697e53d9",
            "resource_versionless_id": "/subscriptions/d6c8e3b6-467e-452e-97c9-49d9de9e37da/resourceGroups/MGMT-NOEU-DEP02-INFRASTRUCTURE/providers/Microsoft.KeyVault/vaults/MGMTNOEUDEP02user8F0/secrets/PAT",
            "tags": {},
            "timeouts": null,
            "value": "",
            "version": "3eb99926b1a74491a8cdf9ce697e53d9",
            "versionless_id": "https://mgmtnoeudep02user8f0.vault.azure.net/secrets/PAT"
          },
          "sensitive_attributes": [],
          "private": "eyJlMmJmYjczMC1lY2FhLTExZTYtOGY4OC0zNDM2M2JjN2M0YzAiOnsiY3JlYXRlIjoxODAwMDAwMDAwMDAwLCJkZWxldGUiOjE4MDAwMDAwMDAwMDAsInJlYWQiOjE4MDAwMDAwMDAwMDAsInVwZGF0ZSI6MTgwMDAwMDAwMDAwMH19",
          "dependencies": [
            "module.sap_deployer.azurerm_key_vault.kv_user",
            "module.sap_deployer.azurerm_key_vault_access_policy.kv_user_msi",
            "module.sap_deployer.azurerm_key_vault_access_policy.kv_user_pre_deployer",
            "module.sap_deployer.azurerm_key_vault_access_policy.kv_user_systemidentity",
            "module.sap_deployer.azurerm_linux_virtual_machine.deployer",
            "module.sap_deployer.azurerm_network_interface.deployer",
            "module.sap_deployer.azurerm_public_ip.deployer",
            "module.sap_deployer.azurerm_resource_group.deployer",
            "module.sap_deployer.azurerm_storage_account.deployer",
            "module.sap_deployer.azurerm_subnet.subnet_mgmt",
            "module.sap_deployer.azurerm_subnet.webapp",
            "module.sap_deployer.azurerm_user_assigned_identity.deployer",
            "module.sap_deployer.azurerm_virtual_network.vnet_mgmt",
            "module.sap_deployer.data.azurerm_client_config.deployer",
            "module.sap_deployer.data.azurerm_key_vault.kv_user",
            "module.sap_deployer.data.azurerm_key_vault_secret.pk",
            "module.sap_deployer.data.azurerm_key_vault_secret.ppk",
            "module.sap_deployer.data.azurerm_key_vault_secret.username",
            "module.sap_deployer.data.azurerm_resource_group.deployer",
            "module.sap_deployer.data.azurerm_storage_account.deployer",
            "module.sap_deployer.data.azurerm_subnet.subnet_mgmt",
            "module.sap_deployer.data.azurerm_subnet.webapp",
            "module.sap_deployer.data.azurerm_virtual_network.vnet_mgmt",
            "module.sap_deployer.random_id.deployer",
            "module.sap_deployer.time_offset.secret_expiry_date",
            "module.sap_deployer.tls_private_key.deployer"
          ]
        }
      ]
    },
    {
      "module": "module.sap_deployer",
      "mode": "managed",
      "type": "azurerm_key_vault_secret",
      "name": "pk",
      "provider": "provider[\"registry.terraform.io/hashicorp/azurerm\"]",
      "instances": [
        {
          "index_key": 0,
          "schema_version": 0,
          "attributes": {
            "content_type": "",
            "expiration_date": null,
            "id": "https://mgmtnoeudep02user8f0.vault.azure.net/secrets/MGMT-NOEU-DEP02-sshkey-pub/4338b5ff0bfd48f8ae7b3341fc4d1c70",
            "key_vault_id": "/subscriptions/d6c8e3b6-467e-452e-97c9-49d9de9e37da/resourceGroups/MGMT-NOEU-DEP02-INFRASTRUCTURE/providers/Microsoft.KeyVault/vaults/MGMTNOEUDEP02user8F0",
            "name": "MGMT-NOEU-DEP02-sshkey-pub",
            "not_before_date": null,
            "resource_id": "/subscriptions/d6c8e3b6-467e-452e-97c9-49d9de9e37da/resourceGroups/MGMT-NOEU-DEP02-INFRASTRUCTURE/providers/Microsoft.KeyVault/vaults/MGMTNOEUDEP02user8F0/secrets/MGMT-NOEU-DEP02-sshkey-pub/versions/4338b5ff0bfd48f8ae7b3341fc4d1c70",
            "resource_versionless_id": "/subscriptions/d6c8e3b6-467e-452e-97c9-49d9de9e37da/resourceGroups/MGMT-NOEU-DEP02-INFRASTRUCTURE/providers/Microsoft.KeyVault/vaults/MGMTNOEUDEP02user8F0/secrets/MGMT-NOEU-DEP02-sshkey-pub",
            "tags": {},
            "timeouts": null,
            "value": "ssh-rsa AAAAB3NzaC1yc2EAAAADAQABAAABAQDIw1vBno1ss2mQFSWUbogEFCMu8Hd9A6Ubd2OnqSl2UYzGqDKqC1ZKTcQegu6ELPtc+iGkIQWvby2CacYipuQBGNDWjtnOggVa8xzgQNs15z6BjQ9G+l6jLoHmqqIvWH7zdRt21tT7am0CWak2IlMBza+kEbdabhrxb7UIsgsikceyei1ZSR5UDY2BYN/SD7w8ZobpfGyVHq95P26J90BoKNqxRLIosL8Z9ntyhsiHehH2gFnUKiOxAQZpmb1oRLCnXynbriiCsiISTwh0yDk9UrbySHI96EvZJcC5dBzTF3mHtLQ5x7bKwT4k0Fj8lru0G5rPW1rj1Q8bs2YJyTfJ\n",
            "version": "4338b5ff0bfd48f8ae7b3341fc4d1c70",
            "versionless_id": "https://mgmtnoeudep02user8f0.vault.azure.net/secrets/MGMT-NOEU-DEP02-sshkey-pub"
          },
          "sensitive_attributes": [],
          "private": "eyJlMmJmYjczMC1lY2FhLTExZTYtOGY4OC0zNDM2M2JjN2M0YzAiOnsiY3JlYXRlIjoxODAwMDAwMDAwMDAwLCJkZWxldGUiOjE4MDAwMDAwMDAwMDAsInJlYWQiOjE4MDAwMDAwMDAwMDAsInVwZGF0ZSI6MTgwMDAwMDAwMDAwMH19",
          "dependencies": [
            "module.sap_deployer.azurerm_key_vault.kv_user",
            "module.sap_deployer.azurerm_key_vault_access_policy.kv_user_msi",
            "module.sap_deployer.azurerm_key_vault_access_policy.kv_user_pre_deployer",
            "module.sap_deployer.azurerm_key_vault_access_policy.kv_user_systemidentity",
            "module.sap_deployer.azurerm_linux_virtual_machine.deployer",
            "module.sap_deployer.azurerm_network_interface.deployer",
            "module.sap_deployer.azurerm_public_ip.deployer",
            "module.sap_deployer.azurerm_resource_group.deployer",
            "module.sap_deployer.azurerm_storage_account.deployer",
            "module.sap_deployer.azurerm_subnet.subnet_mgmt",
            "module.sap_deployer.azurerm_subnet.webapp",
            "module.sap_deployer.azurerm_user_assigned_identity.deployer",
            "module.sap_deployer.azurerm_virtual_network.vnet_mgmt",
            "module.sap_deployer.data.azurerm_client_config.deployer",
            "module.sap_deployer.data.azurerm_key_vault.kv_user",
            "module.sap_deployer.data.azurerm_key_vault_secret.pk",
            "module.sap_deployer.data.azurerm_key_vault_secret.ppk",
            "module.sap_deployer.data.azurerm_key_vault_secret.username",
            "module.sap_deployer.data.azurerm_resource_group.deployer",
            "module.sap_deployer.data.azurerm_storage_account.deployer",
            "module.sap_deployer.data.azurerm_subnet.subnet_mgmt",
            "module.sap_deployer.data.azurerm_subnet.webapp",
            "module.sap_deployer.data.azurerm_virtual_network.vnet_mgmt",
            "module.sap_deployer.random_id.deployer",
            "module.sap_deployer.time_offset.secret_expiry_date",
            "module.sap_deployer.tls_private_key.deployer"
          ]
        }
      ]
    },
    {
      "module": "module.sap_deployer",
      "mode": "managed",
      "type": "azurerm_key_vault_secret",
      "name": "ppk",
      "provider": "provider[\"registry.terraform.io/hashicorp/azurerm\"]",
      "instances": [
        {
          "index_key": 0,
          "schema_version": 0,
          "attributes": {
            "content_type": "",
            "expiration_date": null,
            "id": "https://mgmtnoeudep02user8f0.vault.azure.net/secrets/MGMT-NOEU-DEP02-sshkey/43628e10621343809734a0947c67089d",
            "key_vault_id": "/subscriptions/d6c8e3b6-467e-452e-97c9-49d9de9e37da/resourceGroups/MGMT-NOEU-DEP02-INFRASTRUCTURE/providers/Microsoft.KeyVault/vaults/MGMTNOEUDEP02user8F0",
            "name": "MGMT-NOEU-DEP02-sshkey",
            "not_before_date": null,
            "resource_id": "/subscriptions/d6c8e3b6-467e-452e-97c9-49d9de9e37da/resourceGroups/MGMT-NOEU-DEP02-INFRASTRUCTURE/providers/Microsoft.KeyVault/vaults/MGMTNOEUDEP02user8F0/secrets/MGMT-NOEU-DEP02-sshkey/versions/43628e10621343809734a0947c67089d",
            "resource_versionless_id": "/subscriptions/d6c8e3b6-467e-452e-97c9-49d9de9e37da/resourceGroups/MGMT-NOEU-DEP02-INFRASTRUCTURE/providers/Microsoft.KeyVault/vaults/MGMTNOEUDEP02user8F0/secrets/MGMT-NOEU-DEP02-sshkey",
            "tags": {},
            "timeouts": null,
            "value": "-----BEGIN RSA PRIVATE KEY-----\nMIIEpAIBAAKCAQEAyMNbwZ6NbLNpkBUllG6IBBQjLvB3fQOlG3djp6kpdlGMxqgy\nqgtWSk3EHoLuhCz7XPohpCEFr28tgmnGIqbkARjQ1o7ZzoIFWvMc4EDbNec+gY0P\nRvpeoy6B5qqiL1h+83UbdtbU+2ptAlmpNiJTAc2vpBG3Wm4a8W+1CLILIpHHsnot\nWUkeVA2NgWDf0g+8PGaG6XxslR6veT9uifdAaCjasUSyKLC/GfZ7cobIh3oR9oBZ\n1CojsQEGaZm9aESwp18p264ogrIiEk8IdMg5PVK28khyPehL2SXAuXQc0xd5h7S0\nOce2ysE+JNBY/Ja7tBuaz1ta49UPG7NmCck3yQIDAQABAoIBABFQZ9Vm6yN4xZ3b\ndQY8Ehbn9bDSpDtv2QlpXnrTJ/RATDfFwbjQiXyXAFbxS8iyaGs4VzZkcq0SlYYt\nwRyz7+34Sep3H2mj5PpXBSKB9WXMr6NUmwCwDwFbvXA7Pwl+RFSSwO+az3tvTj9p\npCI7C5WYO5GWxY1S+Zfg3mgFkthEOySgSHBkm9IzpXkgxotDG9Viq3ZQJScFUhJS\nD230gYl+SMFjMMOCgQPEH/cSeqt4xt4GtIWQjQ9t6uWTqxzkB+qbArB/nPwF0Nrh\nhfqXrBxXujqnVOXucQC+PwNf4JMN7uVUrDYpWWsIcUHVIYqhbNlrp5D6YbXtxsDk\npGpqmAECgYEA7N1OoQgygVP4bdXnpbXRioHtCU1lI9KdewInDwpqCDrxy2r+sbZ4\netZQ7wakvGPs0C+4k06+AIzj0yuiv9XlVYkP/4IfilR7sqyC0Z5dZUhx08/KUGVr\n254nVHXju1XufecRs6dqR7Dkmq+C2c0Gh1kIAhh6n9FpL+hRsxIiRcECgYEA2Pts\niqfS2B4AH0W7jUSR8B7px9jNY5yG8/u1jbJ29TuJNg+PpHfej7YY+BNb5i9abAtf\n2M6/5v3utsxAhCjJTn93sJ9i4zl/884L8uRK//s6FwYoo1QTxIN/bi71100JAgB/\nbA+q0I5F409UOogF/d/a2BjOIQ8u91ty2fZtxAkCgYEAr4gFuBJyEyNeTE8jnssR\n4PoN5kHjvNtc9waOWXgXQcgk3eGJo7scp7NhQPGEbVQD7/gdaZUF+zRttVV2A4II\ntQ2gvHH627FmBfAP9jXM8rzwFc68GD5A4vzeGppOzMqOteDiXmenvD8b+oIsjymA\nOBdDdwIbBYrTz7vzp6e9nEECgYEAurslHe5vtS2cTU1lqp1oOo1gA2zA1QjP2wiz\npc4AMeuambuqko/WKTc9JcEDRYVa+8COK7dBzziZRxdgLlwrYjKwfn+sSoAhbV/V\nSKLPKJy70TSrpGOm32eLMveW+kKBjgd/oS+agQDvhD+w7O5Cucj8PRybyDeY46b/\noDRDIoECgYAL5WnQ2KsQ5CKQFWA7YadNjIk9U5EE8YZcYmBramraZsVWi/5lXsHb\nLIfjOafpHEi4+lasTweKqxNygM2+ft1D0FFKBrw8soYsebwJ0env4cyTUINdFGwE\nEDad0wWGPWjLFkjlFaAFmaFlvBovBiWKKhqqpPtOhPeL+ycz5/Zxow==\n-----END RSA PRIVATE KEY-----\n",
            "version": "43628e10621343809734a0947c67089d",
            "versionless_id": "https://mgmtnoeudep02user8f0.vault.azure.net/secrets/MGMT-NOEU-DEP02-sshkey"
          },
          "sensitive_attributes": [
            [
              {
                "type": "get_attr",
                "value": "value"
              }
            ]
          ],
          "private": "eyJlMmJmYjczMC1lY2FhLTExZTYtOGY4OC0zNDM2M2JjN2M0YzAiOnsiY3JlYXRlIjoxODAwMDAwMDAwMDAwLCJkZWxldGUiOjE4MDAwMDAwMDAwMDAsInJlYWQiOjE4MDAwMDAwMDAwMDAsInVwZGF0ZSI6MTgwMDAwMDAwMDAwMH19",
          "dependencies": [
            "module.sap_deployer.azurerm_key_vault.kv_user",
            "module.sap_deployer.azurerm_key_vault_access_policy.kv_user_msi",
            "module.sap_deployer.azurerm_key_vault_access_policy.kv_user_pre_deployer",
            "module.sap_deployer.azurerm_key_vault_access_policy.kv_user_systemidentity",
            "module.sap_deployer.azurerm_linux_virtual_machine.deployer",
            "module.sap_deployer.azurerm_network_interface.deployer",
            "module.sap_deployer.azurerm_public_ip.deployer",
            "module.sap_deployer.azurerm_resource_group.deployer",
            "module.sap_deployer.azurerm_storage_account.deployer",
            "module.sap_deployer.azurerm_subnet.subnet_mgmt",
            "module.sap_deployer.azurerm_subnet.webapp",
            "module.sap_deployer.azurerm_user_assigned_identity.deployer",
            "module.sap_deployer.azurerm_virtual_network.vnet_mgmt",
            "module.sap_deployer.data.azurerm_client_config.deployer",
            "module.sap_deployer.data.azurerm_key_vault.kv_user",
            "module.sap_deployer.data.azurerm_key_vault_secret.pk",
            "module.sap_deployer.data.azurerm_key_vault_secret.ppk",
            "module.sap_deployer.data.azurerm_key_vault_secret.username",
            "module.sap_deployer.data.azurerm_resource_group.deployer",
            "module.sap_deployer.data.azurerm_storage_account.deployer",
            "module.sap_deployer.data.azurerm_subnet.subnet_mgmt",
            "module.sap_deployer.data.azurerm_subnet.webapp",
            "module.sap_deployer.data.azurerm_virtual_network.vnet_mgmt",
            "module.sap_deployer.random_id.deployer",
            "module.sap_deployer.time_offset.secret_expiry_date",
            "module.sap_deployer.tls_private_key.deployer"
          ]
        }
      ]
    },
    {
      "module": "module.sap_deployer",
      "mode": "managed",
      "type": "azurerm_key_vault_secret",
      "name": "pwd",
      "provider": "provider[\"registry.terraform.io/hashicorp/azurerm\"]",
      "instances": []
    },
    {
      "module": "module.sap_deployer",
      "mode": "managed",
      "type": "azurerm_key_vault_secret",
      "name": "username",
      "provider": "provider[\"registry.terraform.io/hashicorp/azurerm\"]",
      "instances": [
        {
          "index_key": 0,
          "schema_version": 0,
          "attributes": {
            "content_type": "",
            "expiration_date": null,
            "id": "https://mgmtnoeudep02user8f0.vault.azure.net/secrets/MGMT-NOEU-DEP02-username/3a72cfefebf54d10bdb5d946c3389d1a",
            "key_vault_id": "/subscriptions/d6c8e3b6-467e-452e-97c9-49d9de9e37da/resourceGroups/MGMT-NOEU-DEP02-INFRASTRUCTURE/providers/Microsoft.KeyVault/vaults/MGMTNOEUDEP02user8F0",
            "name": "MGMT-NOEU-DEP02-username",
            "not_before_date": null,
            "resource_id": "/subscriptions/d6c8e3b6-467e-452e-97c9-49d9de9e37da/resourceGroups/MGMT-NOEU-DEP02-INFRASTRUCTURE/providers/Microsoft.KeyVault/vaults/MGMTNOEUDEP02user8F0/secrets/MGMT-NOEU-DEP02-username/versions/3a72cfefebf54d10bdb5d946c3389d1a",
            "resource_versionless_id": "/subscriptions/d6c8e3b6-467e-452e-97c9-49d9de9e37da/resourceGroups/MGMT-NOEU-DEP02-INFRASTRUCTURE/providers/Microsoft.KeyVault/vaults/MGMTNOEUDEP02user8F0/secrets/MGMT-NOEU-DEP02-username",
            "tags": {},
            "timeouts": null,
            "value": "azureadm",
            "version": "3a72cfefebf54d10bdb5d946c3389d1a",
            "versionless_id": "https://mgmtnoeudep02user8f0.vault.azure.net/secrets/MGMT-NOEU-DEP02-username"
          },
          "sensitive_attributes": [],
          "private": "eyJlMmJmYjczMC1lY2FhLTExZTYtOGY4OC0zNDM2M2JjN2M0YzAiOnsiY3JlYXRlIjoxODAwMDAwMDAwMDAwLCJkZWxldGUiOjE4MDAwMDAwMDAwMDAsInJlYWQiOjE4MDAwMDAwMDAwMDAsInVwZGF0ZSI6MTgwMDAwMDAwMDAwMH19",
          "dependencies": [
            "module.sap_deployer.azurerm_key_vault.kv_user",
            "module.sap_deployer.azurerm_key_vault_access_policy.kv_user_msi",
            "module.sap_deployer.azurerm_key_vault_access_policy.kv_user_pre_deployer",
            "module.sap_deployer.azurerm_key_vault_access_policy.kv_user_systemidentity",
            "module.sap_deployer.azurerm_linux_virtual_machine.deployer",
            "module.sap_deployer.azurerm_network_interface.deployer",
            "module.sap_deployer.azurerm_public_ip.deployer",
            "module.sap_deployer.azurerm_resource_group.deployer",
            "module.sap_deployer.azurerm_storage_account.deployer",
            "module.sap_deployer.azurerm_subnet.subnet_mgmt",
            "module.sap_deployer.azurerm_subnet.webapp",
            "module.sap_deployer.azurerm_user_assigned_identity.deployer",
            "module.sap_deployer.azurerm_virtual_network.vnet_mgmt",
            "module.sap_deployer.data.azurerm_client_config.deployer",
            "module.sap_deployer.data.azurerm_key_vault.kv_user",
            "module.sap_deployer.data.azurerm_key_vault_secret.pk",
            "module.sap_deployer.data.azurerm_key_vault_secret.ppk",
            "module.sap_deployer.data.azurerm_key_vault_secret.username",
            "module.sap_deployer.data.azurerm_resource_group.deployer",
            "module.sap_deployer.data.azurerm_storage_account.deployer",
            "module.sap_deployer.data.azurerm_subnet.subnet_mgmt",
            "module.sap_deployer.data.azurerm_subnet.webapp",
            "module.sap_deployer.data.azurerm_virtual_network.vnet_mgmt",
            "module.sap_deployer.random_id.deployer",
            "module.sap_deployer.time_offset.secret_expiry_date",
            "module.sap_deployer.tls_private_key.deployer"
          ]
        }
      ]
    },
    {
      "module": "module.sap_deployer",
      "mode": "managed",
      "type": "azurerm_key_vault_secret",
      "name": "web_pwd",
      "provider": "provider[\"registry.terraform.io/hashicorp/azurerm\"]",
      "instances": [
        {
          "index_key": 0,
          "schema_version": 0,
          "attributes": {
            "content_type": "",
            "expiration_date": null,
            "id": "https://mgmtnoeudep02user8f0.vault.azure.net/secrets/WEB-PWD/3d662309bd49448cbae05dbd6b1b7240",
            "key_vault_id": "/subscriptions/d6c8e3b6-467e-452e-97c9-49d9de9e37da/resourceGroups/MGMT-NOEU-DEP02-INFRASTRUCTURE/providers/Microsoft.KeyVault/vaults/MGMTNOEUDEP02user8F0",
            "name": "WEB-PWD",
            "not_before_date": null,
            "resource_id": "/subscriptions/d6c8e3b6-467e-452e-97c9-49d9de9e37da/resourceGroups/MGMT-NOEU-DEP02-INFRASTRUCTURE/providers/Microsoft.KeyVault/vaults/MGMTNOEUDEP02user8F0/secrets/WEB-PWD/versions/3d662309bd49448cbae05dbd6b1b7240",
            "resource_versionless_id": "/subscriptions/d6c8e3b6-467e-452e-97c9-49d9de9e37da/resourceGroups/MGMT-NOEU-DEP02-INFRASTRUCTURE/providers/Microsoft.KeyVault/vaults/MGMTNOEUDEP02user8F0/secrets/WEB-PWD",
            "tags": {},
            "timeouts": null,
            "value": "OSh8Q~JuwOMwvswIXuZywD~dOAeaZIVKZX.JkbN.",
            "version": "ea75bf09233348fdb547c7007c859a95",
            "versionless_id": "https://mgmtnoeudep02user8f0.vault.azure.net/secrets/WEB-PWD"
          },
          "sensitive_attributes": [],
          "private": "eyJlMmJmYjczMC1lY2FhLTExZTYtOGY4OC0zNDM2M2JjN2M0YzAiOnsiY3JlYXRlIjoxODAwMDAwMDAwMDAwLCJkZWxldGUiOjE4MDAwMDAwMDAwMDAsInJlYWQiOjE4MDAwMDAwMDAwMDAsInVwZGF0ZSI6MTgwMDAwMDAwMDAwMH19",
          "dependencies": [
            "module.sap_deployer.azurerm_key_vault.kv_user",
            "module.sap_deployer.azurerm_key_vault_access_policy.kv_user_msi",
            "module.sap_deployer.azurerm_key_vault_access_policy.kv_user_pre_deployer",
            "module.sap_deployer.azurerm_key_vault_access_policy.kv_user_systemidentity",
            "module.sap_deployer.azurerm_linux_virtual_machine.deployer",
            "module.sap_deployer.azurerm_network_interface.deployer",
            "module.sap_deployer.azurerm_public_ip.deployer",
            "module.sap_deployer.azurerm_resource_group.deployer",
            "module.sap_deployer.azurerm_storage_account.deployer",
            "module.sap_deployer.azurerm_subnet.subnet_mgmt",
            "module.sap_deployer.azurerm_subnet.webapp",
            "module.sap_deployer.azurerm_user_assigned_identity.deployer",
            "module.sap_deployer.azurerm_virtual_network.vnet_mgmt",
            "module.sap_deployer.data.azurerm_client_config.deployer",
            "module.sap_deployer.data.azurerm_key_vault.kv_user",
            "module.sap_deployer.data.azurerm_key_vault_secret.pk",
            "module.sap_deployer.data.azurerm_key_vault_secret.ppk",
            "module.sap_deployer.data.azurerm_key_vault_secret.username",
            "module.sap_deployer.data.azurerm_resource_group.deployer",
            "module.sap_deployer.data.azurerm_storage_account.deployer",
            "module.sap_deployer.data.azurerm_subnet.subnet_mgmt",
            "module.sap_deployer.data.azurerm_subnet.webapp",
            "module.sap_deployer.data.azurerm_virtual_network.vnet_mgmt",
            "module.sap_deployer.random_id.deployer",
            "module.sap_deployer.time_offset.secret_expiry_date",
            "module.sap_deployer.tls_private_key.deployer"
          ]
        }
      ]
    },
    {
      "module": "module.sap_deployer",
      "mode": "managed",
      "type": "azurerm_linux_virtual_machine",
      "name": "deployer",
      "provider": "provider[\"registry.terraform.io/hashicorp/azurerm\"]",
      "instances": [
        {
          "index_key": 0,
          "schema_version": 0,
          "attributes": {
            "additional_capabilities": [],
            "admin_password": null,
            "admin_ssh_key": [
              {
                "public_key": "ssh-rsa AAAAB3NzaC1yc2EAAAADAQABAAABAQDIw1vBno1ss2mQFSWUbogEFCMu8Hd9A6Ubd2OnqSl2UYzGqDKqC1ZKTcQegu6ELPtc+iGkIQWvby2CacYipuQBGNDWjtnOggVa8xzgQNs15z6BjQ9G+l6jLoHmqqIvWH7zdRt21tT7am0CWak2IlMBza+kEbdabhrxb7UIsgsikceyei1ZSR5UDY2BYN/SD7w8ZobpfGyVHq95P26J90BoKNqxRLIosL8Z9ntyhsiHehH2gFnUKiOxAQZpmb1oRLCnXynbriiCsiISTwh0yDk9UrbySHI96EvZJcC5dBzTF3mHtLQ5x7bKwT4k0Fj8lru0G5rPW1rj1Q8bs2YJyTfJ\n",
                "username": "azureadm"
              }
            ],
            "admin_username": "azureadm",
            "allow_extension_operations": true,
            "availability_set_id": "",
            "boot_diagnostics": [
              {
                "storage_account_uri": "https://mgmtnoeudep02diag8f0.blob.core.windows.net/"
              }
            ],
            "bypass_platform_safety_checks_on_user_schedule_enabled": false,
            "capacity_reservation_group_id": "",
            "computer_name": "mgmtnoeudep02deploy00",
            "custom_data": null,
            "dedicated_host_group_id": "",
            "dedicated_host_id": "",
            "disable_password_authentication": true,
            "disk_controller_type": "SCSI",
            "edge_zone": "",
            "encryption_at_host_enabled": false,
            "eviction_policy": "",
            "extensions_time_budget": "PT1H30M",
            "gallery_application": [],
            "id": "/subscriptions/d6c8e3b6-467e-452e-97c9-49d9de9e37da/resourceGroups/MGMT-NOEU-DEP02-INFRASTRUCTURE/providers/Microsoft.Compute/virtualMachines/MGMT-NOEU-DEP02_mgmtnoeudep02deploy00",
            "identity": [
              {
                "identity_ids": [
                  "/subscriptions/d6c8e3b6-467e-452e-97c9-49d9de9e37da/resourceGroups/MGMT-NOEU-DEP02-INFRASTRUCTURE/providers/Microsoft.ManagedIdentity/userAssignedIdentities/MGMT-NOEU-DEP02-msi"
                ],
                "principal_id": "",
                "tenant_id": "",
                "type": "UserAssigned"
              }
            ],
            "license_type": "",
            "location": "northeurope",
            "max_bid_price": -1,
            "name": "MGMT-NOEU-DEP02_mgmtnoeudep02deploy00",
            "network_interface_ids": [
              "/subscriptions/d6c8e3b6-467e-452e-97c9-49d9de9e37da/resourceGroups/MGMT-NOEU-DEP02-INFRASTRUCTURE/providers/Microsoft.Network/networkInterfaces/MGMT-NOEU-DEP02_mgmtnoeudep02deploy00-nic"
            ],
            "os_disk": [
              {
                "caching": "ReadWrite",
                "diff_disk_settings": [],
                "disk_encryption_set_id": "",
                "disk_size_gb": 128,
                "name": "MGMT-NOEU-DEP02_mgmtnoeudep02deploy00-OsDisk",
                "secure_vm_disk_encryption_set_id": "",
                "security_encryption_type": "",
                "storage_account_type": "Premium_LRS",
                "write_accelerator_enabled": false
              }
            ],
            "os_image_notification": [],
            "patch_assessment_mode": "ImageDefault",
            "patch_mode": "ImageDefault",
            "plan": [],
            "platform_fault_domain": -1,
            "priority": "Regular",
            "private_ip_address": "10.170.20.68",
            "private_ip_addresses": [
              "10.170.20.68"
            ],
            "provision_vm_agent": true,
            "proximity_placement_group_id": "",
            "public_ip_address": "52.169.139.214",
            "public_ip_addresses": [
              "52.169.139.214"
            ],
            "reboot_setting": "",
            "resource_group_name": "MGMT-NOEU-DEP02-INFRASTRUCTURE",
            "secret": [],
            "secure_boot_enabled": false,
            "size": "Standard_D4ds_v4",
            "source_image_id": "",
            "source_image_reference": [
              {
                "offer": "0001-com-ubuntu-server-jammy",
                "publisher": "Canonical",
                "sku": "22_04-lts-gen2",
                "version": "latest"
              }
            ],
            "tags": {
              "Role": "Deployer"
            },
            "termination_notification": [],
            "timeouts": null,
            "user_data": "",
            "virtual_machine_id": "6b8ce16c-d26d-4dbb-a720-61093994d59a",
            "virtual_machine_scale_set_id": "",
            "vm_agent_platform_updates_enabled": false,
            "vtpm_enabled": false,
            "zone": ""
          },
          "sensitive_attributes": [],
          "private": "eyJlMmJmYjczMC1lY2FhLTExZTYtOGY4OC0zNDM2M2JjN2M0YzAiOnsiY3JlYXRlIjoyNzAwMDAwMDAwMDAwLCJkZWxldGUiOjI3MDAwMDAwMDAwMDAsInJlYWQiOjMwMDAwMDAwMDAwMCwidXBkYXRlIjoyNzAwMDAwMDAwMDAwfX0=",
          "dependencies": [
            "module.sap_deployer.azurerm_network_interface.deployer",
            "module.sap_deployer.azurerm_public_ip.deployer",
            "module.sap_deployer.azurerm_resource_group.deployer",
            "module.sap_deployer.azurerm_storage_account.deployer",
            "module.sap_deployer.azurerm_subnet.subnet_mgmt",
            "module.sap_deployer.azurerm_user_assigned_identity.deployer",
            "module.sap_deployer.azurerm_virtual_network.vnet_mgmt",
            "module.sap_deployer.data.azurerm_key_vault_secret.pk",
            "module.sap_deployer.data.azurerm_key_vault_secret.ppk",
            "module.sap_deployer.data.azurerm_key_vault_secret.username",
            "module.sap_deployer.data.azurerm_resource_group.deployer",
            "module.sap_deployer.data.azurerm_storage_account.deployer",
            "module.sap_deployer.data.azurerm_subnet.subnet_mgmt",
            "module.sap_deployer.data.azurerm_virtual_network.vnet_mgmt",
            "module.sap_deployer.random_id.deployer",
            "module.sap_deployer.tls_private_key.deployer"
          ]
        }
      ]
    },
    {
      "module": "module.sap_deployer",
      "mode": "managed",
      "type": "azurerm_management_lock",
      "name": "keyvault",
      "provider": "provider[\"registry.terraform.io/hashicorp/azurerm\"].main",
      "instances": []
    },
    {
      "module": "module.sap_deployer",
      "mode": "managed",
      "type": "azurerm_network_interface",
      "name": "deployer",
      "provider": "provider[\"registry.terraform.io/hashicorp/azurerm\"]",
      "instances": [
        {
          "index_key": 0,
          "schema_version": 0,
          "attributes": {
            "applied_dns_servers": [],
            "auxiliary_mode": "",
            "auxiliary_sku": "",
            "dns_servers": [],
            "edge_zone": "",
            "enable_accelerated_networking": false,
            "enable_ip_forwarding": false,
            "id": "/subscriptions/d6c8e3b6-467e-452e-97c9-49d9de9e37da/resourceGroups/MGMT-NOEU-DEP02-INFRASTRUCTURE/providers/Microsoft.Network/networkInterfaces/MGMT-NOEU-DEP02_mgmtnoeudep02deploy00-nic",
            "internal_dns_name_label": "",
            "internal_domain_name_suffix": "vrt3bpmomswunpvvhou5b05a2c.fx.internal.cloudapp.net",
            "ip_configuration": [
              {
                "gateway_load_balancer_frontend_ip_configuration_id": "",
                "name": "ipconfig1",
                "primary": true,
                "private_ip_address": "10.170.20.68",
                "private_ip_address_allocation": "Dynamic",
                "private_ip_address_version": "IPv4",
                "public_ip_address_id": "/subscriptions/d6c8e3b6-467e-452e-97c9-49d9de9e37da/resourceGroups/MGMT-NOEU-DEP02-INFRASTRUCTURE/providers/Microsoft.Network/publicIPAddresses/MGMT-NOEU-DEP02_mgmtnoeudep02deploy00-pip",
                "subnet_id": "/subscriptions/d6c8e3b6-467e-452e-97c9-49d9de9e37da/resourceGroups/MGMT-NOEU-DEP02-INFRASTRUCTURE/providers/Microsoft.Network/virtualNetworks/MGMT-NOEU-DEP02-vnet/subnets/MGMT-NOEU-DEP02_deployment-subnet"
              }
            ],
            "location": "northeurope",
            "mac_address": "00-0D-3A-B0-A3-F0",
            "name": "MGMT-NOEU-DEP02_mgmtnoeudep02deploy00-nic",
            "private_ip_address": "10.170.20.68",
            "private_ip_addresses": [
              "10.170.20.68"
            ],
            "resource_group_name": "MGMT-NOEU-DEP02-INFRASTRUCTURE",
            "tags": {},
            "timeouts": null,
            "virtual_machine_id": "/subscriptions/d6c8e3b6-467e-452e-97c9-49d9de9e37da/resourceGroups/MGMT-NOEU-DEP02-INFRASTRUCTURE/providers/Microsoft.Compute/virtualMachines/MGMT-NOEU-DEP02_mgmtnoeudep02deploy00"
          },
          "sensitive_attributes": [],
          "private": "eyJlMmJmYjczMC1lY2FhLTExZTYtOGY4OC0zNDM2M2JjN2M0YzAiOnsiY3JlYXRlIjoxODAwMDAwMDAwMDAwLCJkZWxldGUiOjE4MDAwMDAwMDAwMDAsInJlYWQiOjMwMDAwMDAwMDAwMCwidXBkYXRlIjoxODAwMDAwMDAwMDAwfSwic2NoZW1hX3ZlcnNpb24iOiIwIn0=",
          "dependencies": [
            "module.sap_deployer.azurerm_public_ip.deployer",
            "module.sap_deployer.azurerm_resource_group.deployer",
            "module.sap_deployer.azurerm_subnet.subnet_mgmt",
            "module.sap_deployer.azurerm_virtual_network.vnet_mgmt",
            "module.sap_deployer.data.azurerm_resource_group.deployer",
            "module.sap_deployer.data.azurerm_subnet.subnet_mgmt",
            "module.sap_deployer.data.azurerm_virtual_network.vnet_mgmt",
            "module.sap_deployer.random_id.deployer"
          ]
        }
      ]
    },
    {
      "module": "module.sap_deployer",
      "mode": "managed",
      "type": "azurerm_network_security_group",
      "name": "nsg_mgmt",
      "provider": "provider[\"registry.terraform.io/hashicorp/azurerm\"]",
      "instances": [
        {
          "index_key": 0,
          "schema_version": 0,
          "attributes": {
            "id": "/subscriptions/d6c8e3b6-467e-452e-97c9-49d9de9e37da/resourceGroups/MGMT-NOEU-DEP02-INFRASTRUCTURE/providers/Microsoft.Network/networkSecurityGroups/MGMT-NOEU-DEP02_deployment-nsg",
            "location": "northeurope",
            "name": "MGMT-NOEU-DEP02_deployment-nsg",
            "resource_group_name": "MGMT-NOEU-DEP02-INFRASTRUCTURE",
            "security_rule": [
              {
                "access": "Allow",
                "description": "",
                "destination_address_prefix": "",
                "destination_address_prefixes": [
                  "10.170.20.64/28"
                ],
                "destination_application_security_group_ids": [],
                "destination_port_range": "",
                "destination_port_ranges": [
                  "5985",
                  "5986"
                ],
                "direction": "Inbound",
                "name": "winrm",
                "priority": 103,
                "protocol": "Tcp",
                "source_address_prefix": "",
                "source_address_prefixes": [
                  "0.0.0.0/0"
                ],
                "source_application_security_group_ids": [],
                "source_port_range": "*",
                "source_port_ranges": []
              },
              {
                "access": "Allow",
                "description": "",
                "destination_address_prefix": "",
                "destination_address_prefixes": [
                  "10.170.20.64/28"
                ],
                "destination_application_security_group_ids": [],
                "destination_port_range": "22",
                "destination_port_ranges": [],
                "direction": "Inbound",
                "name": "ssh",
                "priority": 101,
                "protocol": "Tcp",
                "source_address_prefix": "",
                "source_address_prefixes": [
                  "0.0.0.0/0"
                ],
                "source_application_security_group_ids": [],
                "source_port_range": "*",
                "source_port_ranges": []
              },
              {
                "access": "Allow",
                "description": "",
                "destination_address_prefix": "",
                "destination_address_prefixes": [
                  "10.170.20.64/28"
                ],
                "destination_application_security_group_ids": [],
                "destination_port_range": "3389",
                "destination_port_ranges": [],
                "direction": "Inbound",
                "name": "rdp",
                "priority": 102,
                "protocol": "Tcp",
                "source_address_prefix": "",
                "source_address_prefixes": [
                  "0.0.0.0/0"
                ],
                "source_application_security_group_ids": [],
                "source_port_range": "*",
                "source_port_ranges": []
              }
            ],
            "tags": {},
            "timeouts": null
          },
          "sensitive_attributes": [],
          "private": "eyJlMmJmYjczMC1lY2FhLTExZTYtOGY4OC0zNDM2M2JjN2M0YzAiOnsiY3JlYXRlIjoxODAwMDAwMDAwMDAwLCJkZWxldGUiOjE4MDAwMDAwMDAwMDAsInJlYWQiOjMwMDAwMDAwMDAwMCwidXBkYXRlIjoxODAwMDAwMDAwMDAwfSwic2NoZW1hX3ZlcnNpb24iOiIwIn0=",
          "dependencies": [
            "module.sap_deployer.azurerm_resource_group.deployer",
            "module.sap_deployer.data.azurerm_resource_group.deployer",
            "module.sap_deployer.random_id.deployer"
          ]
        }
      ]
    },
    {
      "module": "module.sap_deployer",
      "mode": "managed",
      "type": "azurerm_network_security_rule",
      "name": "nsr_rdp",
      "provider": "provider[\"registry.terraform.io/hashicorp/azurerm\"]",
      "instances": [
        {
          "index_key": 0,
          "schema_version": 0,
          "attributes": {
            "access": "Allow",
            "description": "",
            "destination_address_prefix": "",
            "destination_address_prefixes": [
              "10.170.20.64/28"
            ],
            "destination_application_security_group_ids": [],
            "destination_port_range": "3389",
            "destination_port_ranges": [],
            "direction": "Inbound",
            "id": "/subscriptions/d6c8e3b6-467e-452e-97c9-49d9de9e37da/resourceGroups/MGMT-NOEU-DEP02-INFRASTRUCTURE/providers/Microsoft.Network/networkSecurityGroups/MGMT-NOEU-DEP02_deployment-nsg/securityRules/rdp",
            "name": "rdp",
            "network_security_group_name": "MGMT-NOEU-DEP02_deployment-nsg",
            "priority": 102,
            "protocol": "Tcp",
            "resource_group_name": "MGMT-NOEU-DEP02-INFRASTRUCTURE",
            "source_address_prefix": "",
            "source_address_prefixes": [
              "0.0.0.0/0"
            ],
            "source_application_security_group_ids": [],
            "source_port_range": "*",
            "source_port_ranges": [],
            "timeouts": null
          },
          "sensitive_attributes": [],
          "private": "eyJlMmJmYjczMC1lY2FhLTExZTYtOGY4OC0zNDM2M2JjN2M0YzAiOnsiY3JlYXRlIjoxODAwMDAwMDAwMDAwLCJkZWxldGUiOjE4MDAwMDAwMDAwMDAsInJlYWQiOjMwMDAwMDAwMDAwMCwidXBkYXRlIjoxODAwMDAwMDAwMDAwfSwic2NoZW1hX3ZlcnNpb24iOiIwIn0=",
          "dependencies": [
            "module.sap_deployer.azurerm_network_security_group.nsg_mgmt",
            "module.sap_deployer.azurerm_resource_group.deployer",
            "module.sap_deployer.azurerm_subnet.subnet_mgmt",
            "module.sap_deployer.azurerm_virtual_network.vnet_mgmt",
            "module.sap_deployer.data.azurerm_network_security_group.nsg_mgmt",
            "module.sap_deployer.data.azurerm_resource_group.deployer",
            "module.sap_deployer.data.azurerm_subnet.subnet_mgmt",
            "module.sap_deployer.data.azurerm_virtual_network.vnet_mgmt",
            "module.sap_deployer.random_id.deployer"
          ]
        }
      ]
    },
    {
      "module": "module.sap_deployer",
      "mode": "managed",
      "type": "azurerm_network_security_rule",
      "name": "nsr_ssh",
      "provider": "provider[\"registry.terraform.io/hashicorp/azurerm\"]",
      "instances": [
        {
          "index_key": 0,
          "schema_version": 0,
          "attributes": {
            "access": "Allow",
            "description": "",
            "destination_address_prefix": "",
            "destination_address_prefixes": [
              "10.170.20.64/28"
            ],
            "destination_application_security_group_ids": [],
            "destination_port_range": "22",
            "destination_port_ranges": [],
            "direction": "Inbound",
            "id": "/subscriptions/d6c8e3b6-467e-452e-97c9-49d9de9e37da/resourceGroups/MGMT-NOEU-DEP02-INFRASTRUCTURE/providers/Microsoft.Network/networkSecurityGroups/MGMT-NOEU-DEP02_deployment-nsg/securityRules/ssh",
            "name": "ssh",
            "network_security_group_name": "MGMT-NOEU-DEP02_deployment-nsg",
            "priority": 101,
            "protocol": "Tcp",
            "resource_group_name": "MGMT-NOEU-DEP02-INFRASTRUCTURE",
            "source_address_prefix": "",
            "source_address_prefixes": [
              "0.0.0.0/0"
            ],
            "source_application_security_group_ids": [],
            "source_port_range": "*",
            "source_port_ranges": [],
            "timeouts": null
          },
          "sensitive_attributes": [],
          "private": "eyJlMmJmYjczMC1lY2FhLTExZTYtOGY4OC0zNDM2M2JjN2M0YzAiOnsiY3JlYXRlIjoxODAwMDAwMDAwMDAwLCJkZWxldGUiOjE4MDAwMDAwMDAwMDAsInJlYWQiOjMwMDAwMDAwMDAwMCwidXBkYXRlIjoxODAwMDAwMDAwMDAwfSwic2NoZW1hX3ZlcnNpb24iOiIwIn0=",
          "dependencies": [
            "module.sap_deployer.azurerm_network_security_group.nsg_mgmt",
            "module.sap_deployer.azurerm_resource_group.deployer",
            "module.sap_deployer.azurerm_subnet.subnet_mgmt",
            "module.sap_deployer.azurerm_virtual_network.vnet_mgmt",
            "module.sap_deployer.data.azurerm_network_security_group.nsg_mgmt",
            "module.sap_deployer.data.azurerm_resource_group.deployer",
            "module.sap_deployer.data.azurerm_subnet.subnet_mgmt",
            "module.sap_deployer.data.azurerm_virtual_network.vnet_mgmt",
            "module.sap_deployer.random_id.deployer"
          ]
        }
      ]
    },
    {
      "module": "module.sap_deployer",
      "mode": "managed",
      "type": "azurerm_network_security_rule",
      "name": "nsr_winrm",
      "provider": "provider[\"registry.terraform.io/hashicorp/azurerm\"]",
      "instances": [
        {
          "index_key": 0,
          "schema_version": 0,
          "attributes": {
            "access": "Allow",
            "description": "",
            "destination_address_prefix": "",
            "destination_address_prefixes": [
              "10.170.20.64/28"
            ],
            "destination_application_security_group_ids": [],
            "destination_port_range": "",
            "destination_port_ranges": [
              "5985",
              "5986"
            ],
            "direction": "Inbound",
            "id": "/subscriptions/d6c8e3b6-467e-452e-97c9-49d9de9e37da/resourceGroups/MGMT-NOEU-DEP02-INFRASTRUCTURE/providers/Microsoft.Network/networkSecurityGroups/MGMT-NOEU-DEP02_deployment-nsg/securityRules/winrm",
            "name": "winrm",
            "network_security_group_name": "MGMT-NOEU-DEP02_deployment-nsg",
            "priority": 103,
            "protocol": "Tcp",
            "resource_group_name": "MGMT-NOEU-DEP02-INFRASTRUCTURE",
            "source_address_prefix": "",
            "source_address_prefixes": [
              "0.0.0.0/0"
            ],
            "source_application_security_group_ids": [],
            "source_port_range": "*",
            "source_port_ranges": [],
            "timeouts": null
          },
          "sensitive_attributes": [],
          "private": "eyJlMmJmYjczMC1lY2FhLTExZTYtOGY4OC0zNDM2M2JjN2M0YzAiOnsiY3JlYXRlIjoxODAwMDAwMDAwMDAwLCJkZWxldGUiOjE4MDAwMDAwMDAwMDAsInJlYWQiOjMwMDAwMDAwMDAwMCwidXBkYXRlIjoxODAwMDAwMDAwMDAwfSwic2NoZW1hX3ZlcnNpb24iOiIwIn0=",
          "dependencies": [
            "module.sap_deployer.azurerm_network_security_group.nsg_mgmt",
            "module.sap_deployer.azurerm_resource_group.deployer",
            "module.sap_deployer.azurerm_subnet.subnet_mgmt",
            "module.sap_deployer.azurerm_virtual_network.vnet_mgmt",
            "module.sap_deployer.data.azurerm_network_security_group.nsg_mgmt",
            "module.sap_deployer.data.azurerm_resource_group.deployer",
            "module.sap_deployer.data.azurerm_subnet.subnet_mgmt",
            "module.sap_deployer.data.azurerm_virtual_network.vnet_mgmt",
            "module.sap_deployer.random_id.deployer"
          ]
        }
      ]
    },
    {
      "module": "module.sap_deployer",
      "mode": "managed",
      "type": "azurerm_public_ip",
      "name": "bastion",
      "provider": "provider[\"registry.terraform.io/hashicorp/azurerm\"]",
      "instances": []
    },
    {
      "module": "module.sap_deployer",
      "mode": "managed",
      "type": "azurerm_public_ip",
      "name": "deployer",
      "provider": "provider[\"registry.terraform.io/hashicorp/azurerm\"]",
      "instances": [
        {
          "index_key": 0,
          "schema_version": 0,
          "attributes": {
            "allocation_method": "Static",
            "ddos_protection_mode": "VirtualNetworkInherited",
            "ddos_protection_plan_id": null,
            "domain_name_label": null,
            "edge_zone": "",
            "fqdn": null,
            "id": "/subscriptions/d6c8e3b6-467e-452e-97c9-49d9de9e37da/resourceGroups/MGMT-NOEU-DEP02-INFRASTRUCTURE/providers/Microsoft.Network/publicIPAddresses/MGMT-NOEU-DEP02_mgmtnoeudep02deploy00-pip",
            "idle_timeout_in_minutes": 4,
            "ip_address": "52.169.139.214",
            "ip_tags": {},
            "ip_version": "IPv4",
            "location": "northeurope",
            "name": "MGMT-NOEU-DEP02_mgmtnoeudep02deploy00-pip",
            "public_ip_prefix_id": null,
            "resource_group_name": "MGMT-NOEU-DEP02-INFRASTRUCTURE",
            "reverse_fqdn": null,
            "sku": "Standard",
            "sku_tier": "Regional",
            "tags": {},
            "timeouts": null,
            "zones": []
          },
          "sensitive_attributes": [],
          "private": "eyJlMmJmYjczMC1lY2FhLTExZTYtOGY4OC0zNDM2M2JjN2M0YzAiOnsiY3JlYXRlIjoxODAwMDAwMDAwMDAwLCJkZWxldGUiOjE4MDAwMDAwMDAwMDAsInJlYWQiOjMwMDAwMDAwMDAwMCwidXBkYXRlIjoxODAwMDAwMDAwMDAwfSwic2NoZW1hX3ZlcnNpb24iOiIwIn0=",
          "dependencies": [
            "module.sap_deployer.azurerm_resource_group.deployer",
            "module.sap_deployer.data.azurerm_resource_group.deployer",
            "module.sap_deployer.random_id.deployer"
          ]
        }
      ]
    },
    {
      "module": "module.sap_deployer",
      "mode": "managed",
      "type": "azurerm_public_ip",
      "name": "firewall",
      "provider": "provider[\"registry.terraform.io/hashicorp/azurerm\"]",
      "instances": []
    },
    {
      "module": "module.sap_deployer",
      "mode": "managed",
      "type": "azurerm_resource_group",
      "name": "deployer",
      "provider": "provider[\"registry.terraform.io/hashicorp/azurerm\"]",
      "instances": [
        {
          "index_key": 0,
          "schema_version": 0,
          "attributes": {
            "id": "/subscriptions/d6c8e3b6-467e-452e-97c9-49d9de9e37da/resourceGroups/MGMT-NOEU-DEP02-INFRASTRUCTURE",
            "location": "northeurope",
            "managed_by": "",
            "name": "MGMT-NOEU-DEP02-INFRASTRUCTURE",
            "tags": {
              "Control_plane": "North Europe"
            },
            "timeouts": null
          },
          "sensitive_attributes": [],
          "private": "eyJlMmJmYjczMC1lY2FhLTExZTYtOGY4OC0zNDM2M2JjN2M0YzAiOnsiY3JlYXRlIjo1NDAwMDAwMDAwMDAwLCJkZWxldGUiOjU0MDAwMDAwMDAwMDAsInJlYWQiOjMwMDAwMDAwMDAwMCwidXBkYXRlIjo1NDAwMDAwMDAwMDAwfSwic2NoZW1hX3ZlcnNpb24iOiIwIn0=",
          "dependencies": [
            "module.sap_deployer.random_id.deployer"
          ]
        }
      ]
    },
    {
      "module": "module.sap_deployer",
      "mode": "managed",
      "type": "azurerm_role_assignment",
      "name": "deployer_boot_diagnostics_contributor",
      "provider": "provider[\"registry.terraform.io/hashicorp/azurerm\"].main",
      "instances": []
    },
    {
      "module": "module.sap_deployer",
      "mode": "managed",
      "type": "azurerm_role_assignment",
      "name": "deployer_boot_diagnostics_contributor_msi",
      "provider": "provider[\"registry.terraform.io/hashicorp/azurerm\"].main",
      "instances": []
    },
    {
      "module": "module.sap_deployer",
      "mode": "managed",
      "type": "azurerm_role_assignment",
      "name": "resource_group_acsservice",
      "provider": "provider[\"registry.terraform.io/hashicorp/azurerm\"].main",
      "instances": []
    },
    {
      "module": "module.sap_deployer",
      "mode": "managed",
      "type": "azurerm_role_assignment",
      "name": "resource_group_acsservice_msi",
      "provider": "provider[\"registry.terraform.io/hashicorp/azurerm\"].main",
      "instances": []
    },
    {
      "module": "module.sap_deployer",
      "mode": "managed",
      "type": "azurerm_role_assignment",
      "name": "resource_group_contributor",
      "provider": "provider[\"registry.terraform.io/hashicorp/azurerm\"].main",
      "instances": []
    },
    {
      "module": "module.sap_deployer",
      "mode": "managed",
      "type": "azurerm_role_assignment",
      "name": "resource_group_contributor_contributor_msi",
      "provider": "provider[\"registry.terraform.io/hashicorp/azurerm\"].main",
      "instances": []
    },
    {
      "module": "module.sap_deployer",
      "mode": "managed",
      "type": "azurerm_role_assignment",
      "name": "sub_contributor",
      "provider": "provider[\"registry.terraform.io/hashicorp/azurerm\"].main",
      "instances": []
    },
    {
      "module": "module.sap_deployer",
      "mode": "managed",
      "type": "azurerm_role_assignment",
      "name": "subscription_contributor_system_identity",
      "provider": "provider[\"registry.terraform.io/hashicorp/azurerm\"].main",
      "instances": []
    },
    {
      "module": "module.sap_deployer",
      "mode": "managed",
      "type": "azurerm_route",
      "name": "admin",
      "provider": "provider[\"registry.terraform.io/hashicorp/azurerm\"]",
      "instances": []
    },
    {
      "module": "module.sap_deployer",
      "mode": "managed",
      "type": "azurerm_route_table",
      "name": "rt",
      "provider": "provider[\"registry.terraform.io/hashicorp/azurerm\"]",
      "instances": []
    },
    {
      "module": "module.sap_deployer",
      "mode": "managed",
      "type": "azurerm_service_plan",
      "name": "appserviceplan",
      "provider": "provider[\"registry.terraform.io/hashicorp/azurerm\"]",
      "instances": [
        {
          "index_key": 0,
          "schema_version": 1,
          "attributes": {
            "app_service_environment_id": "",
            "id": "/subscriptions/d6c8e3b6-467e-452e-97c9-49d9de9e37da/resourceGroups/MGMT-NOEU-DEP02-INFRASTRUCTURE/providers/Microsoft.Web/serverFarms/mgmt-noeu-app-service-plan8f0",
            "kind": "app",
            "location": "northeurope",
            "maximum_elastic_worker_count": 1,
            "name": "mgmt-noeu-app-service-plan8f0",
            "os_type": "Windows",
            "per_site_scaling_enabled": false,
            "reserved": false,
            "resource_group_name": "MGMT-NOEU-DEP02-INFRASTRUCTURE",
            "sku_name": "S1",
            "tags": {},
            "timeouts": null,
            "worker_count": 1,
            "zone_balancing_enabled": false
          },
          "sensitive_attributes": [],
          "private": "eyJlMmJmYjczMC1lY2FhLTExZTYtOGY4OC0zNDM2M2JjN2M0YzAiOnsiY3JlYXRlIjozNjAwMDAwMDAwMDAwLCJkZWxldGUiOjM2MDAwMDAwMDAwMDAsInJlYWQiOjMwMDAwMDAwMDAwMCwidXBkYXRlIjozNjAwMDAwMDAwMDAwfSwic2NoZW1hX3ZlcnNpb24iOiIxIn0=",
          "dependencies": [
            "module.sap_deployer.azurerm_resource_group.deployer",
            "module.sap_deployer.data.azurerm_resource_group.deployer",
            "module.sap_deployer.random_id.deployer"
          ]
        }
      ]
    },
    {
      "module": "module.sap_deployer",
      "mode": "managed",
      "type": "azurerm_storage_account",
      "name": "deployer",
      "provider": "provider[\"registry.terraform.io/hashicorp/azurerm\"]",
      "instances": [
        {
          "index_key": 0,
          "schema_version": 4,
          "attributes": {
            "access_tier": "Hot",
            "account_kind": "StorageV2",
            "account_replication_type": "LRS",
            "account_tier": "Standard",
            "allow_nested_items_to_be_public": false,
            "allowed_copy_scope": "",
            "azure_files_authentication": [],
            "blob_properties": [
              {
                "change_feed_enabled": false,
                "change_feed_retention_in_days": 0,
                "container_delete_retention_policy": [],
                "cors_rule": [],
                "default_service_version": "",
                "delete_retention_policy": [],
                "last_access_time_enabled": false,
                "restore_policy": [],
                "versioning_enabled": false
              }
            ],
            "cross_tenant_replication_enabled": true,
            "custom_domain": [],
            "customer_managed_key": [],
            "default_to_oauth_authentication": false,
            "edge_zone": "",
            "enable_https_traffic_only": true,
            "id": "/subscriptions/d6c8e3b6-467e-452e-97c9-49d9de9e37da/resourceGroups/MGMT-NOEU-DEP02-INFRASTRUCTURE/providers/Microsoft.Storage/storageAccounts/mgmtnoeudep02diag8f0",
            "identity": [],
            "immutability_policy": [],
            "infrastructure_encryption_enabled": false,
            "is_hns_enabled": false,
            "large_file_share_enabled": null,
            "local_user_enabled": true,
            "location": "northeurope",
            "min_tls_version": "TLS1_2",
            "name": "mgmtnoeudep02diag8f0",
            "network_rules": [
              {
                "bypass": [
                  "AzureServices"
                ],
                "default_action": "Allow",
                "ip_rules": [],
                "private_link_access": [],
                "virtual_network_subnet_ids": []
              }
            ],
            "nfsv3_enabled": false,
            "primary_access_key": "DHjjESKXWqPSn9yjF/hLxDDFZUvswNmI420yVgQI24NeUo7OG5qOklUI9YvDLgcPNGBw4FisnOHy+AStY6i52w==",
            "primary_blob_connection_string": "DefaultEndpointsProtocol=https;BlobEndpoint=https://mgmtnoeudep02diag8f0.blob.core.windows.net/;AccountName=mgmtnoeudep02diag8f0;AccountKey=DHjjESKXWqPSn9yjF/hLxDDFZUvswNmI420yVgQI24NeUo7OG5qOklUI9YvDLgcPNGBw4FisnOHy+AStY6i52w==",
            "primary_blob_endpoint": "https://mgmtnoeudep02diag8f0.blob.core.windows.net/",
            "primary_blob_host": "mgmtnoeudep02diag8f0.blob.core.windows.net",
            "primary_blob_internet_endpoint": "",
            "primary_blob_internet_host": "",
            "primary_blob_microsoft_endpoint": "",
            "primary_blob_microsoft_host": "",
            "primary_connection_string": "DefaultEndpointsProtocol=https;AccountName=mgmtnoeudep02diag8f0;AccountKey=DHjjESKXWqPSn9yjF/hLxDDFZUvswNmI420yVgQI24NeUo7OG5qOklUI9YvDLgcPNGBw4FisnOHy+AStY6i52w==;EndpointSuffix=core.windows.net",
            "primary_dfs_endpoint": "https://mgmtnoeudep02diag8f0.dfs.core.windows.net/",
            "primary_dfs_host": "mgmtnoeudep02diag8f0.dfs.core.windows.net",
            "primary_dfs_internet_endpoint": "",
            "primary_dfs_internet_host": "",
            "primary_dfs_microsoft_endpoint": "",
            "primary_dfs_microsoft_host": "",
            "primary_file_endpoint": "https://mgmtnoeudep02diag8f0.file.core.windows.net/",
            "primary_file_host": "mgmtnoeudep02diag8f0.file.core.windows.net",
            "primary_file_internet_endpoint": "",
            "primary_file_internet_host": "",
            "primary_file_microsoft_endpoint": "",
            "primary_file_microsoft_host": "",
            "primary_location": "northeurope",
            "primary_queue_endpoint": "https://mgmtnoeudep02diag8f0.queue.core.windows.net/",
            "primary_queue_host": "mgmtnoeudep02diag8f0.queue.core.windows.net",
            "primary_queue_microsoft_endpoint": "",
            "primary_queue_microsoft_host": "",
            "primary_table_endpoint": "https://mgmtnoeudep02diag8f0.table.core.windows.net/",
            "primary_table_host": "mgmtnoeudep02diag8f0.table.core.windows.net",
            "primary_table_microsoft_endpoint": "",
            "primary_table_microsoft_host": "",
            "primary_web_endpoint": "https://mgmtnoeudep02diag8f0.z16.web.core.windows.net/",
            "primary_web_host": "mgmtnoeudep02diag8f0.z16.web.core.windows.net",
            "primary_web_internet_endpoint": "",
            "primary_web_internet_host": "",
            "primary_web_microsoft_endpoint": "",
            "primary_web_microsoft_host": "",
            "public_network_access_enabled": true,
            "queue_encryption_key_type": "Service",
            "queue_properties": [
              {
                "cors_rule": [],
                "hour_metrics": [
                  {
                    "enabled": true,
                    "include_apis": true,
                    "retention_policy_days": 7,
                    "version": "1.0"
                  }
                ],
                "logging": [
                  {
                    "delete": false,
                    "read": false,
                    "retention_policy_days": 0,
                    "version": "1.0",
                    "write": false
                  }
                ],
                "minute_metrics": [
                  {
                    "enabled": false,
                    "include_apis": false,
                    "retention_policy_days": 0,
                    "version": "1.0"
                  }
                ]
              }
            ],
            "resource_group_name": "MGMT-NOEU-DEP02-INFRASTRUCTURE",
            "routing": [],
            "sas_policy": [],
            "secondary_access_key": "qQAHncXoVXSsjRr9eAMAEbvSKSWwuLmEf6IxB4zz53/BYRMhvzsRSKYDPNPVjoUUrUzLtq3f+zol+AStSWLvjA==",
            "secondary_blob_connection_string": "",
            "secondary_blob_endpoint": null,
            "secondary_blob_host": null,
            "secondary_blob_internet_endpoint": null,
            "secondary_blob_internet_host": null,
            "secondary_blob_microsoft_endpoint": null,
            "secondary_blob_microsoft_host": null,
            "secondary_connection_string": "DefaultEndpointsProtocol=https;AccountName=mgmtnoeudep02diag8f0;AccountKey=qQAHncXoVXSsjRr9eAMAEbvSKSWwuLmEf6IxB4zz53/BYRMhvzsRSKYDPNPVjoUUrUzLtq3f+zol+AStSWLvjA==;EndpointSuffix=core.windows.net",
            "secondary_dfs_endpoint": null,
            "secondary_dfs_host": null,
            "secondary_dfs_internet_endpoint": null,
            "secondary_dfs_internet_host": null,
            "secondary_dfs_microsoft_endpoint": null,
            "secondary_dfs_microsoft_host": null,
            "secondary_file_endpoint": null,
            "secondary_file_host": null,
            "secondary_file_internet_endpoint": null,
            "secondary_file_internet_host": null,
            "secondary_file_microsoft_endpoint": null,
            "secondary_file_microsoft_host": null,
            "secondary_location": "",
            "secondary_queue_endpoint": null,
            "secondary_queue_host": null,
            "secondary_queue_microsoft_endpoint": null,
            "secondary_queue_microsoft_host": null,
            "secondary_table_endpoint": null,
            "secondary_table_host": null,
            "secondary_table_microsoft_endpoint": null,
            "secondary_table_microsoft_host": null,
            "secondary_web_endpoint": null,
            "secondary_web_host": null,
            "secondary_web_internet_endpoint": null,
            "secondary_web_internet_host": null,
            "secondary_web_microsoft_endpoint": null,
            "secondary_web_microsoft_host": null,
            "sftp_enabled": false,
            "share_properties": [
              {
                "cors_rule": [],
                "retention_policy": [
                  {
                    "days": 7
                  }
                ],
                "smb": []
              }
            ],
            "shared_access_key_enabled": true,
            "static_website": [],
            "table_encryption_key_type": "Service",
            "tags": {},
            "timeouts": null
          },
          "sensitive_attributes": [],
          "private": "eyJlMmJmYjczMC1lY2FhLTExZTYtOGY4OC0zNDM2M2JjN2M0YzAiOnsiY3JlYXRlIjozNjAwMDAwMDAwMDAwLCJkZWxldGUiOjM2MDAwMDAwMDAwMDAsInJlYWQiOjMwMDAwMDAwMDAwMCwidXBkYXRlIjozNjAwMDAwMDAwMDAwfSwic2NoZW1hX3ZlcnNpb24iOiI0In0=",
          "dependencies": [
            "module.sap_deployer.azurerm_resource_group.deployer",
            "module.sap_deployer.data.azurerm_resource_group.deployer",
            "module.sap_deployer.random_id.deployer"
          ]
        }
      ]
    },
    {
      "module": "module.sap_deployer",
      "mode": "managed",
      "type": "azurerm_subnet",
      "name": "bastion",
      "provider": "provider[\"registry.terraform.io/hashicorp/azurerm\"]",
      "instances": []
    },
    {
      "module": "module.sap_deployer",
      "mode": "managed",
      "type": "azurerm_subnet",
      "name": "firewall",
      "provider": "provider[\"registry.terraform.io/hashicorp/azurerm\"]",
      "instances": []
    },
    {
      "module": "module.sap_deployer",
      "mode": "managed",
      "type": "azurerm_subnet",
      "name": "subnet_mgmt",
      "provider": "provider[\"registry.terraform.io/hashicorp/azurerm\"]",
      "instances": [
        {
          "index_key": 0,
          "schema_version": 0,
          "attributes": {
            "address_prefixes": [
              "10.170.20.64/28"
            ],
            "delegation": [],
            "enforce_private_link_endpoint_network_policies": false,
            "enforce_private_link_service_network_policies": false,
            "id": "/subscriptions/d6c8e3b6-467e-452e-97c9-49d9de9e37da/resourceGroups/MGMT-NOEU-DEP02-INFRASTRUCTURE/providers/Microsoft.Network/virtualNetworks/MGMT-NOEU-DEP02-vnet/subnets/MGMT-NOEU-DEP02_deployment-subnet",
            "name": "MGMT-NOEU-DEP02_deployment-subnet",
            "private_endpoint_network_policies_enabled": true,
            "private_link_service_network_policies_enabled": true,
            "resource_group_name": "MGMT-NOEU-DEP02-INFRASTRUCTURE",
            "service_endpoint_policy_ids": [],
            "service_endpoints": [
              "Microsoft.KeyVault",
              "Microsoft.Storage",
              "Microsoft.Web"
            ],
            "timeouts": null,
            "virtual_network_name": "MGMT-NOEU-DEP02-vnet"
          },
          "sensitive_attributes": [],
          "private": "eyJlMmJmYjczMC1lY2FhLTExZTYtOGY4OC0zNDM2M2JjN2M0YzAiOnsiY3JlYXRlIjoxODAwMDAwMDAwMDAwLCJkZWxldGUiOjE4MDAwMDAwMDAwMDAsInJlYWQiOjMwMDAwMDAwMDAwMCwidXBkYXRlIjoxODAwMDAwMDAwMDAwfSwic2NoZW1hX3ZlcnNpb24iOiIwIn0=",
          "dependencies": [
            "module.sap_deployer.azurerm_resource_group.deployer",
            "module.sap_deployer.azurerm_virtual_network.vnet_mgmt",
            "module.sap_deployer.data.azurerm_resource_group.deployer",
            "module.sap_deployer.data.azurerm_virtual_network.vnet_mgmt",
            "module.sap_deployer.random_id.deployer"
          ]
        }
      ]
    },
    {
      "module": "module.sap_deployer",
      "mode": "managed",
      "type": "azurerm_subnet",
      "name": "webapp",
      "provider": "provider[\"registry.terraform.io/hashicorp/azurerm\"]",
      "instances": [
        {
          "index_key": 0,
          "schema_version": 0,
          "attributes": {
            "address_prefixes": [
              "10.170.20.80/28"
            ],
            "delegation": [
              {
                "name": "delegation",
                "service_delegation": [
                  {
                    "actions": [
                      "Microsoft.Network/virtualNetworks/subnets/action"
                    ],
                    "name": "Microsoft.Web/serverFarms"
                  }
                ]
              }
            ],
            "enforce_private_link_endpoint_network_policies": true,
            "enforce_private_link_service_network_policies": false,
            "id": "/subscriptions/d6c8e3b6-467e-452e-97c9-49d9de9e37da/resourceGroups/MGMT-NOEU-DEP02-INFRASTRUCTURE/providers/Microsoft.Network/virtualNetworks/MGMT-NOEU-DEP02-vnet/subnets/AzureWebappSubnet",
            "name": "AzureWebappSubnet",
            "private_endpoint_network_policies_enabled": false,
            "private_link_service_network_policies_enabled": true,
            "resource_group_name": "MGMT-NOEU-DEP02-INFRASTRUCTURE",
            "service_endpoint_policy_ids": [],
            "service_endpoints": [
              "Microsoft.KeyVault",
              "Microsoft.Storage",
              "Microsoft.Web"
            ],
            "timeouts": null,
            "virtual_network_name": "MGMT-NOEU-DEP02-vnet"
          },
          "sensitive_attributes": [],
          "private": "eyJlMmJmYjczMC1lY2FhLTExZTYtOGY4OC0zNDM2M2JjN2M0YzAiOnsiY3JlYXRlIjoxODAwMDAwMDAwMDAwLCJkZWxldGUiOjE4MDAwMDAwMDAwMDAsInJlYWQiOjMwMDAwMDAwMDAwMCwidXBkYXRlIjoxODAwMDAwMDAwMDAwfSwic2NoZW1hX3ZlcnNpb24iOiIwIn0=",
          "dependencies": [
            "module.sap_deployer.azurerm_resource_group.deployer",
            "module.sap_deployer.azurerm_subnet.subnet_mgmt",
            "module.sap_deployer.azurerm_virtual_network.vnet_mgmt",
            "module.sap_deployer.data.azurerm_resource_group.deployer",
            "module.sap_deployer.data.azurerm_virtual_network.vnet_mgmt",
            "module.sap_deployer.random_id.deployer"
          ]
        }
      ]
    },
    {
      "module": "module.sap_deployer",
      "mode": "managed",
      "type": "azurerm_subnet_network_security_group_association",
      "name": "associate_nsg_mgmt",
      "provider": "provider[\"registry.terraform.io/hashicorp/azurerm\"]",
      "instances": [
        {
          "index_key": 0,
          "schema_version": 0,
          "attributes": {
            "id": "/subscriptions/d6c8e3b6-467e-452e-97c9-49d9de9e37da/resourceGroups/MGMT-NOEU-DEP02-INFRASTRUCTURE/providers/Microsoft.Network/virtualNetworks/MGMT-NOEU-DEP02-vnet/subnets/MGMT-NOEU-DEP02_deployment-subnet",
            "network_security_group_id": "/subscriptions/d6c8e3b6-467e-452e-97c9-49d9de9e37da/resourceGroups/MGMT-NOEU-DEP02-INFRASTRUCTURE/providers/Microsoft.Network/networkSecurityGroups/MGMT-NOEU-DEP02_deployment-nsg",
            "subnet_id": "/subscriptions/d6c8e3b6-467e-452e-97c9-49d9de9e37da/resourceGroups/MGMT-NOEU-DEP02-INFRASTRUCTURE/providers/Microsoft.Network/virtualNetworks/MGMT-NOEU-DEP02-vnet/subnets/MGMT-NOEU-DEP02_deployment-subnet",
            "timeouts": null
          },
          "sensitive_attributes": [],
          "private": "eyJlMmJmYjczMC1lY2FhLTExZTYtOGY4OC0zNDM2M2JjN2M0YzAiOnsiY3JlYXRlIjoxODAwMDAwMDAwMDAwLCJkZWxldGUiOjE4MDAwMDAwMDAwMDAsInJlYWQiOjMwMDAwMDAwMDAwMH0sInNjaGVtYV92ZXJzaW9uIjoiMCJ9",
          "dependencies": [
            "module.sap_deployer.azurerm_network_security_group.nsg_mgmt",
            "module.sap_deployer.azurerm_network_security_rule.nsr_rdp",
            "module.sap_deployer.azurerm_network_security_rule.nsr_ssh",
            "module.sap_deployer.azurerm_network_security_rule.nsr_winrm",
            "module.sap_deployer.azurerm_resource_group.deployer",
            "module.sap_deployer.azurerm_subnet.subnet_mgmt",
            "module.sap_deployer.azurerm_virtual_network.vnet_mgmt",
            "module.sap_deployer.data.azurerm_network_security_group.nsg_mgmt",
            "module.sap_deployer.data.azurerm_resource_group.deployer",
            "module.sap_deployer.data.azurerm_subnet.subnet_mgmt",
            "module.sap_deployer.data.azurerm_virtual_network.vnet_mgmt",
            "module.sap_deployer.random_id.deployer"
          ]
        }
      ]
    },
    {
      "module": "module.sap_deployer",
      "mode": "managed",
      "type": "azurerm_user_assigned_identity",
      "name": "deployer",
      "provider": "provider[\"registry.terraform.io/hashicorp/azurerm\"]",
      "instances": [
        {
          "schema_version": 1,
          "attributes": {
            "client_id": "cc429f38-0bc1-4d48-8306-b813dad45ad4",
            "id": "/subscriptions/d6c8e3b6-467e-452e-97c9-49d9de9e37da/resourceGroups/MGMT-NOEU-DEP02-INFRASTRUCTURE/providers/Microsoft.ManagedIdentity/userAssignedIdentities/MGMT-NOEU-DEP02-msi",
            "location": "northeurope",
            "name": "MGMT-NOEU-DEP02-msi",
            "principal_id": "23dddcc7-aa74-4b71-a4bf-59962569b53b",
            "resource_group_name": "MGMT-NOEU-DEP02-INFRASTRUCTURE",
            "tags": {},
            "tenant_id": "c01abe72-ffef-4ecc-bda0-937975b49e6b",
            "timeouts": null
          },
          "sensitive_attributes": [],
          "private": "eyJlMmJmYjczMC1lY2FhLTExZTYtOGY4OC0zNDM2M2JjN2M0YzAiOnsiY3JlYXRlIjoxODAwMDAwMDAwMDAwLCJkZWxldGUiOjE4MDAwMDAwMDAwMDAsInJlYWQiOjMwMDAwMDAwMDAwMCwidXBkYXRlIjoxODAwMDAwMDAwMDAwfSwic2NoZW1hX3ZlcnNpb24iOiIxIn0=",
          "dependencies": [
            "module.sap_deployer.azurerm_resource_group.deployer",
            "module.sap_deployer.data.azurerm_resource_group.deployer",
            "module.sap_deployer.random_id.deployer"
          ]
        }
      ]
    },
    {
      "module": "module.sap_deployer",
      "mode": "managed",
      "type": "azurerm_virtual_machine_extension",
      "name": "configure",
      "provider": "provider[\"registry.terraform.io/hashicorp/azurerm\"]",
      "instances": [
        {
          "index_key": 0,
          "schema_version": 0,
          "attributes": {
            "auto_upgrade_minor_version": false,
            "automatic_upgrade_enabled": false,
            "failure_suppression_enabled": false,
            "id": "/subscriptions/d6c8e3b6-467e-452e-97c9-49d9de9e37da/resourceGroups/MGMT-NOEU-DEP02-INFRASTRUCTURE/providers/Microsoft.Compute/virtualMachines/MGMT-NOEU-DEP02_mgmtnoeudep02deploy00/extensions/configure_deployer",
            "name": "configure_deployer",
            "protected_settings": null,
            "protected_settings_from_key_vault": [],
            "provision_after_extensions": [],
            "publisher": "Microsoft.Azure.Extensions",
            "settings": null,
            "tags": {},
            "timeouts": null,
            "type": "CustomScript",
            "type_handler_version": "2.1",
            "virtual_machine_id": "/subscriptions/d6c8e3b6-467e-452e-97c9-49d9de9e37da/resourceGroups/MGMT-NOEU-DEP02-INFRASTRUCTURE/providers/Microsoft.Compute/virtualMachines/MGMT-NOEU-DEP02_mgmtnoeudep02deploy00"
          },
          "sensitive_attributes": [],
          "private": "eyJlMmJmYjczMC1lY2FhLTExZTYtOGY4OC0zNDM2M2JjN2M0YzAiOnsiY3JlYXRlIjoxODAwMDAwMDAwMDAwLCJkZWxldGUiOjE4MDAwMDAwMDAwMDAsInJlYWQiOjMwMDAwMDAwMDAwMCwidXBkYXRlIjoxODAwMDAwMDAwMDAwfSwic2NoZW1hX3ZlcnNpb24iOiIwIn0=",
          "dependencies": [
            "module.sap_deployer.azurerm_linux_virtual_machine.deployer",
            "module.sap_deployer.azurerm_network_interface.deployer",
            "module.sap_deployer.azurerm_public_ip.deployer",
            "module.sap_deployer.azurerm_resource_group.deployer",
            "module.sap_deployer.azurerm_storage_account.deployer",
            "module.sap_deployer.azurerm_subnet.subnet_mgmt",
            "module.sap_deployer.azurerm_user_assigned_identity.deployer",
            "module.sap_deployer.azurerm_virtual_network.vnet_mgmt",
            "module.sap_deployer.data.azurerm_key_vault_secret.pk",
            "module.sap_deployer.data.azurerm_key_vault_secret.ppk",
            "module.sap_deployer.data.azurerm_key_vault_secret.username",
            "module.sap_deployer.data.azurerm_resource_group.deployer",
            "module.sap_deployer.data.azurerm_storage_account.deployer",
            "module.sap_deployer.data.azurerm_subnet.subnet_mgmt",
            "module.sap_deployer.data.azurerm_subscription.primary",
            "module.sap_deployer.data.azurerm_virtual_network.vnet_mgmt",
            "module.sap_deployer.random_id.deployer",
            "module.sap_deployer.time_sleep.wait_for_VM",
            "module.sap_deployer.tls_private_key.deployer"
          ]
        }
      ]
    },
    {
      "module": "module.sap_deployer",
      "mode": "managed",
      "type": "azurerm_virtual_network",
      "name": "vnet_mgmt",
      "provider": "provider[\"registry.terraform.io/hashicorp/azurerm\"]",
      "instances": [
        {
          "index_key": 0,
          "schema_version": 0,
          "attributes": {
            "address_space": [
              "10.170.20.0/24"
            ],
            "bgp_community": "",
            "ddos_protection_plan": [],
            "dns_servers": [],
            "edge_zone": "",
            "encryption": [],
            "flow_timeout_in_minutes": 0,
            "guid": "bdd067ac-648e-46ad-beb5-3ba9f0ebe0e2",
            "id": "/subscriptions/d6c8e3b6-467e-452e-97c9-49d9de9e37da/resourceGroups/MGMT-NOEU-DEP02-INFRASTRUCTURE/providers/Microsoft.Network/virtualNetworks/MGMT-NOEU-DEP02-vnet",
            "location": "northeurope",
            "name": "MGMT-NOEU-DEP02-vnet",
            "resource_group_name": "MGMT-NOEU-DEP02-INFRASTRUCTURE",
            "subnet": [
              {
                "address_prefix": "10.170.20.64/28",
                "id": "/subscriptions/d6c8e3b6-467e-452e-97c9-49d9de9e37da/resourceGroups/MGMT-NOEU-DEP02-INFRASTRUCTURE/providers/Microsoft.Network/virtualNetworks/MGMT-NOEU-DEP02-vnet/subnets/MGMT-NOEU-DEP02_deployment-subnet",
                "name": "MGMT-NOEU-DEP02_deployment-subnet",
                "security_group": "/subscriptions/d6c8e3b6-467e-452e-97c9-49d9de9e37da/resourceGroups/MGMT-NOEU-DEP02-INFRASTRUCTURE/providers/Microsoft.Network/networkSecurityGroups/MGMT-NOEU-DEP02_deployment-nsg"
              },
              {
                "address_prefix": "10.170.20.80/28",
                "id": "/subscriptions/d6c8e3b6-467e-452e-97c9-49d9de9e37da/resourceGroups/MGMT-NOEU-DEP02-INFRASTRUCTURE/providers/Microsoft.Network/virtualNetworks/MGMT-NOEU-DEP02-vnet/subnets/AzureWebappSubnet",
                "name": "AzureWebappSubnet",
                "security_group": ""
              }
            ],
            "tags": {},
            "timeouts": null
          },
          "sensitive_attributes": [],
          "private": "eyJlMmJmYjczMC1lY2FhLTExZTYtOGY4OC0zNDM2M2JjN2M0YzAiOnsiY3JlYXRlIjoxODAwMDAwMDAwMDAwLCJkZWxldGUiOjE4MDAwMDAwMDAwMDAsInJlYWQiOjMwMDAwMDAwMDAwMCwidXBkYXRlIjoxODAwMDAwMDAwMDAwfSwic2NoZW1hX3ZlcnNpb24iOiIwIn0=",
          "dependencies": [
            "module.sap_deployer.azurerm_resource_group.deployer",
            "module.sap_deployer.data.azurerm_resource_group.deployer",
            "module.sap_deployer.random_id.deployer"
          ]
        }
      ]
    },
    {
      "module": "module.sap_deployer",
      "mode": "managed",
      "type": "azurerm_windows_web_app",
      "name": "webapp",
      "provider": "provider[\"registry.terraform.io/hashicorp/azurerm\"]",
      "instances": [
        {
          "index_key": 0,
          "schema_version": 1,
          "attributes": {
            "app_settings": {
              "CollectionUri": "",
              "IS_PIPELINE_DEPLOYMENT": "false",
              "MICROSOFT_PROVIDER_AUTHENTICATION_SECRET": "@Microsoft.KeyVault(SecretUri=https://MGMTNOEUDEP02user8F0.vault.azure.net/secrets/WEB-PWD/)",
              "PAT": "@Microsoft.KeyVault(SecretUri=https://MGMTNOEUDEP02user8F0.vault.azure.net/secrets/PAT/)",
              "WEBSITE_AUTH_CUSTOM_AUTHORIZATION": "true"
            },
            "auth_settings": [],
            "auth_settings_v2": [
              {
                "active_directory_v2": [
                  {
                    "allowed_applications": [],
                    "allowed_audiences": [],
                    "allowed_groups": [],
                    "allowed_identities": [],
                    "client_id": "6a5d5a27-7a23-43d1-8b1a-e335df19e666",
                    "client_secret_certificate_thumbprint": "",
                    "client_secret_setting_name": "MICROSOFT_PROVIDER_AUTHENTICATION_SECRET",
                    "jwt_allowed_client_applications": [],
                    "jwt_allowed_groups": [],
                    "login_parameters": {},
                    "tenant_auth_endpoint": "https://sts.windows.net/c01abe72-ffef-4ecc-bda0-937975b49e6b/v2.0",
                    "www_authentication_disabled": false
                  }
                ],
                "apple_v2": [],
                "auth_enabled": true,
                "azure_static_web_app_v2": [],
                "config_file_path": "",
                "custom_oidc_v2": [],
                "default_provider": "AzureActiveDirectory",
                "excluded_paths": [],
                "facebook_v2": [],
                "forward_proxy_convention": "NoProxy",
                "forward_proxy_custom_host_header_name": "",
                "forward_proxy_custom_scheme_header_name": "",
                "github_v2": [],
                "google_v2": [],
                "http_route_api_prefix": "/.auth",
                "login": [
                  {
                    "allowed_external_redirect_urls": [],
                    "cookie_expiration_convention": "FixedTime",
                    "cookie_expiration_time": "08:00:00",
                    "logout_endpoint": "",
                    "nonce_expiration_time": "00:05:00",
                    "preserve_url_fragments_for_logins": false,
                    "token_refresh_extension_time": 72,
                    "token_store_enabled": false,
                    "token_store_path": "",
                    "token_store_sas_setting_name": "",
                    "validate_nonce": true
                  }
                ],
                "microsoft_v2": [],
                "require_authentication": false,
                "require_https": true,
                "runtime_version": "~1",
                "twitter_v2": [],
                "unauthenticated_action": "RedirectToLoginPage"
              }
            ],
            "backup": [],
            "client_affinity_enabled": false,
            "client_certificate_enabled": false,
            "client_certificate_exclusion_paths": "",
            "client_certificate_mode": "Required",
            "connection_string": [
              {
                "name": "sa_tfstate_conn_str",
                "type": "Custom",
                "value": "@Microsoft.KeyVault(SecretUri=https://MGMTNOEUDEP02user8F0.vault.azure.net/secrets/sa-connection-string/)"
              }
            ],
            "custom_domain_verification_id": "32C5707079E655FDB3BC027DB31647CCB64ED1B1E66DD549BCD64B8874D780D4",
            "default_hostname": "mgmt-noeu-sapdeployment8f0.azurewebsites.net",
            "enabled": true,
            "ftp_publish_basic_authentication_enabled": true,
            "hosting_environment_id": "",
            "https_only": true,
            "id": "/subscriptions/d6c8e3b6-467e-452e-97c9-49d9de9e37da/resourceGroups/MGMT-NOEU-DEP02-INFRASTRUCTURE/providers/Microsoft.Web/sites/mgmt-noeu-sapdeployment8f0",
            "identity": [
              {
                "identity_ids": [
                  "/subscriptions/d6c8e3b6-467e-452e-97c9-49d9de9e37da/resourceGroups/MGMT-NOEU-DEP02-INFRASTRUCTURE/providers/Microsoft.ManagedIdentity/userAssignedIdentities/MGMT-NOEU-DEP02-msi"
                ],
                "principal_id": "87aca1d8-b0a2-4fdd-9471-22f8a37b9267",
                "tenant_id": "c01abe72-ffef-4ecc-bda0-937975b49e6b",
                "type": "SystemAssigned, UserAssigned"
              }
            ],
            "key_vault_reference_identity_id": "/subscriptions/d6c8e3b6-467e-452e-97c9-49d9de9e37da/resourceGroups/MGMT-NOEU-DEP02-INFRASTRUCTURE/providers/Microsoft.ManagedIdentity/userAssignedIdentities/MGMT-NOEU-DEP02-msi",
            "kind": "app",
            "location": "northeurope",
            "logs": [],
            "name": "mgmt-noeu-sapdeployment8f0",
            "outbound_ip_address_list": [
              "20.223.21.8",
              "20.223.21.156",
              "20.223.21.159",
              "20.223.21.168",
              "20.223.21.165",
              "20.223.21.183",
              "20.223.20.154",
              "20.223.22.5",
              "20.223.22.8",
              "20.223.22.10",
              "20.223.21.59",
              "20.223.21.177",
              "20.223.22.27",
              "20.223.22.28",
              "20.67.137.95",
              "20.67.141.100",
              "20.67.142.38",
              "20.67.142.112",
              "20.107.224.38"
            ],
            "outbound_ip_addresses": "20.223.21.8,20.223.21.156,20.223.21.159,20.223.21.168,20.223.21.165,20.223.21.183,20.223.20.154,20.223.22.5,20.223.22.8,20.223.22.10,20.223.21.59,20.223.21.177,20.223.22.27,20.223.22.28,20.67.137.95,20.67.141.100,20.67.142.38,20.67.142.112,20.107.224.38",
            "possible_outbound_ip_address_list": [
              "20.223.21.8",
              "20.223.21.156",
              "20.223.21.159",
              "20.223.21.168",
              "20.223.21.165",
              "20.223.21.183",
              "20.223.20.154",
              "20.223.22.5",
              "20.223.22.8",
              "20.223.22.10",
              "20.223.21.59",
              "20.223.21.177",
              "20.223.22.27",
              "20.223.22.28",
              "20.67.137.95",
              "20.67.141.100",
              "20.67.142.38",
              "20.67.142.112",
              "20.223.21.185",
              "20.223.21.188",
              "20.223.21.199",
              "20.223.21.202",
              "20.223.21.205",
              "20.223.21.219",
              "20.223.21.224",
              "20.223.21.227",
              "20.223.21.229",
              "20.223.21.231",
              "20.223.21.232",
              "20.223.21.151",
              "20.223.21.239",
              "20.223.21.240",
              "20.223.21.242",
              "20.223.21.244",
              "20.223.21.250",
              "20.223.22.2",
              "20.223.20.154",
              "20.223.22.5",
              "20.223.22.8",
              "20.223.22.10",
              "20.223.21.59",
              "20.223.21.177",
              "20.223.22.27",
              "20.223.22.28",
              "20.67.137.95",
              "20.67.141.100",
              "20.67.142.38",
              "20.67.142.112",
              "20.105.9.225",
              "20.105.12.103",
              "20.105.12.234",
              "20.105.14.0",
              "20.105.14.112",
              "20.105.14.139",
              "20.107.224.38"
            ],
            "possible_outbound_ip_addresses": "20.223.21.8,20.223.21.156,20.223.21.159,20.223.21.168,20.223.21.165,20.223.21.183,20.223.20.154,20.223.22.5,20.223.22.8,20.223.22.10,20.223.21.59,20.223.21.177,20.223.22.27,20.223.22.28,20.67.137.95,20.67.141.100,20.67.142.38,20.67.142.112,20.223.21.185,20.223.21.188,20.223.21.199,20.223.21.202,20.223.21.205,20.223.21.219,20.223.21.224,20.223.21.227,20.223.21.229,20.223.21.231,20.223.21.232,20.223.21.151,20.223.21.239,20.223.21.240,20.223.21.242,20.223.21.244,20.223.21.250,20.223.22.2,20.223.20.154,20.223.22.5,20.223.22.8,20.223.22.10,20.223.21.59,20.223.21.177,20.223.22.27,20.223.22.28,20.67.137.95,20.67.141.100,20.67.142.38,20.67.142.112,20.105.9.225,20.105.12.103,20.105.12.234,20.105.14.0,20.105.14.112,20.105.14.139,20.107.224.38",
            "public_network_access_enabled": true,
            "resource_group_name": "MGMT-NOEU-DEP02-INFRASTRUCTURE",
            "service_plan_id": "/subscriptions/d6c8e3b6-467e-452e-97c9-49d9de9e37da/resourceGroups/MGMT-NOEU-DEP02-INFRASTRUCTURE/providers/Microsoft.Web/serverFarms/mgmt-noeu-app-service-plan8f0",
            "site_config": [
              {
                "always_on": true,
                "api_definition_url": "",
                "api_management_api_id": "",
                "app_command_line": "",
                "application_stack": [
                  {
                    "current_stack": "",
                    "docker_container_name": "",
                    "docker_container_registry": "",
                    "docker_container_tag": "",
                    "docker_image_name": "",
                    "docker_registry_password": "",
                    "docker_registry_url": "",
                    "docker_registry_username": "",
                    "dotnet_core_version": "",
                    "dotnet_version": "v4.0",
                    "java_container": "",
                    "java_container_version": "",
                    "java_embedded_server_enabled": false,
                    "java_version": "",
                    "node_version": "",
                    "php_version": "5.6",
                    "python": false,
                    "python_version": "",
                    "tomcat_version": ""
                  }
                ],
                "auto_heal_enabled": false,
                "auto_heal_setting": [],
                "container_registry_managed_identity_client_id": "",
                "container_registry_use_managed_identity": false,
                "cors": [],
                "default_documents": [
                  "Default.htm",
                  "Default.html",
                  "Default.asp",
                  "index.htm",
                  "index.html",
                  "iisstart.htm",
                  "default.aspx",
                  "index.php",
                  "hostingstart.html"
                ],
                "detailed_error_logging_enabled": false,
                "ftps_state": "Disabled",
                "health_check_eviction_time_in_min": 0,
                "health_check_path": "",
                "http2_enabled": false,
                "ip_restriction": [],
                "ip_restriction_default_action": "Allow",
                "linux_fx_version": "",
                "load_balancing_mode": "LeastRequests",
                "local_mysql_enabled": false,
                "managed_pipeline_mode": "Integrated",
                "minimum_tls_version": "1.2",
                "remote_debugging_enabled": false,
                "remote_debugging_version": "VS2019",
                "scm_ip_restriction": [],
                "scm_ip_restriction_default_action": "Allow",
                "scm_minimum_tls_version": "1.2",
                "scm_type": "None",
                "scm_use_main_ip_restriction": false,
                "use_32_bit_worker": true,
                "virtual_application": [],
                "vnet_route_all_enabled": false,
                "websockets_enabled": false,
                "windows_fx_version": "",
                "worker_count": 1
              }
            ],
            "site_credential": [
              {
                "name": "$mgmt-noeu-sapdeployment8f0",
                "password": "4xjplsmzRGYLkjsLvHmfcfq9382Ma6x5SGTHNJHtw9Z5eEBlu6u5ATvxqhcM"
              }
            ],
            "sticky_settings": [
              {
                "app_setting_names": [
                  "MICROSOFT_PROVIDER_AUTHENTICATION_SECRET"
                ],
                "connection_string_names": [
                  "sa_tfstate_conn_str"
                ]
              }
            ],
            "storage_account": [],
            "tags": {},
            "timeouts": null,
            "virtual_network_subnet_id": "/subscriptions/d6c8e3b6-467e-452e-97c9-49d9de9e37da/resourceGroups/MGMT-NOEU-DEP02-INFRASTRUCTURE/providers/Microsoft.Network/virtualNetworks/MGMT-NOEU-DEP02-vnet/subnets/AzureWebappSubnet",
            "webdeploy_publish_basic_authentication_enabled": true,
            "zip_deploy_file": ""
          },
          "sensitive_attributes": [],
          "private": "eyJlMmJmYjczMC1lY2FhLTExZTYtOGY4OC0zNDM2M2JjN2M0YzAiOnsiY3JlYXRlIjoxODAwMDAwMDAwMDAwLCJkZWxldGUiOjE4MDAwMDAwMDAwMDAsInJlYWQiOjMwMDAwMDAwMDAwMCwidXBkYXRlIjoxODAwMDAwMDAwMDAwfSwic2NoZW1hX3ZlcnNpb24iOiIxIn0=",
          "dependencies": [
            "module.sap_deployer.azurerm_resource_group.deployer",
            "module.sap_deployer.azurerm_service_plan.appserviceplan",
            "module.sap_deployer.azurerm_subnet.subnet_mgmt",
            "module.sap_deployer.azurerm_subnet.webapp",
            "module.sap_deployer.azurerm_user_assigned_identity.deployer",
            "module.sap_deployer.azurerm_virtual_network.vnet_mgmt",
            "module.sap_deployer.data.azurerm_client_config.deployer",
            "module.sap_deployer.data.azurerm_resource_group.deployer",
            "module.sap_deployer.data.azurerm_subnet.webapp",
            "module.sap_deployer.data.azurerm_virtual_network.vnet_mgmt",
            "module.sap_deployer.random_id.deployer"
          ]
        }
      ]
    },
    {
      "module": "module.sap_deployer",
      "mode": "managed",
      "type": "local_file",
      "name": "configure_deployer",
      "provider": "provider[\"registry.terraform.io/hashicorp/local\"]",
      "instances": []
    },
    {
      "module": "module.sap_deployer",
      "mode": "managed",
      "type": "null_resource",
      "name": "prepare-deployer",
      "provider": "provider[\"registry.terraform.io/hashicorp/null\"]",
      "instances": []
    },
    {
      "module": "module.sap_deployer",
      "mode": "managed",
      "type": "random_id",
      "name": "deployer",
      "provider": "provider[\"registry.terraform.io/hashicorp/random\"]",
      "instances": [
        {
          "schema_version": 0,
          "attributes": {
            "b64_std": "jwmKcQ==",
            "b64_url": "jwmKcQ",
            "byte_length": 4,
            "dec": "2399767153",
            "hex": "8f098a71",
            "id": "jwmKcQ",
            "keepers": null,
            "prefix": null
          },
          "sensitive_attributes": []
        }
      ]
    },
    {
      "module": "module.sap_deployer",
      "mode": "managed",
      "type": "random_integer",
      "name": "priority",
      "provider": "provider[\"registry.terraform.io/hashicorp/random\"]",
      "instances": [
        {
          "schema_version": 0,
          "attributes": {
            "id": "3928",
            "keepers": {
              "resource_group": "MGMT-NOEU-DEP02-INFRASTRUCTURE"
            },
            "max": 3999,
            "min": 3000,
            "result": 3928,
            "seed": null
          },
          "sensitive_attributes": [],
          "dependencies": [
            "module.sap_deployer.azurerm_resource_group.deployer",
            "module.sap_deployer.data.azurerm_resource_group.deployer",
            "module.sap_deployer.random_id.deployer"
          ]
        }
      ]
    },
    {
      "module": "module.sap_deployer",
      "mode": "managed",
      "type": "random_password",
      "name": "deployer",
      "provider": "provider[\"registry.terraform.io/hashicorp/random\"]",
      "instances": []
    },
    {
      "module": "module.sap_deployer",
      "mode": "managed",
      "type": "time_offset",
      "name": "secret_expiry_date",
      "provider": "provider[\"registry.terraform.io/hashicorp/time\"]",
      "instances": [
        {
          "schema_version": 0,
          "attributes": {
            "base_rfc3339": "2024-03-11T16:08:54Z",
            "day": 11,
            "hour": 16,
            "id": "2024-03-11T16:08:54Z",
            "minute": 8,
            "month": 3,
            "offset_days": null,
            "offset_hours": null,
            "offset_minutes": null,
            "offset_months": 12,
            "offset_seconds": null,
            "offset_years": null,
            "rfc3339": "2025-03-11T16:08:54Z",
            "second": 54,
            "triggers": null,
            "unix": 1741709334,
            "year": 2025
          },
          "sensitive_attributes": []
        }
      ]
    },
    {
      "module": "module.sap_deployer",
      "mode": "managed",
      "type": "time_sleep",
      "name": "wait_for_VM",
      "provider": "provider[\"registry.terraform.io/hashicorp/time\"]",
      "instances": [
        {
          "schema_version": 0,
          "attributes": {
            "create_duration": "60s",
            "destroy_duration": null,
            "id": "2024-03-11T16:31:27Z",
            "triggers": null
          },
          "sensitive_attributes": [],
          "dependencies": [
            "module.sap_deployer.azurerm_linux_virtual_machine.deployer",
            "module.sap_deployer.azurerm_network_interface.deployer",
            "module.sap_deployer.azurerm_public_ip.deployer",
            "module.sap_deployer.azurerm_resource_group.deployer",
            "module.sap_deployer.azurerm_storage_account.deployer",
            "module.sap_deployer.azurerm_subnet.subnet_mgmt",
            "module.sap_deployer.azurerm_user_assigned_identity.deployer",
            "module.sap_deployer.azurerm_virtual_network.vnet_mgmt",
            "module.sap_deployer.data.azurerm_key_vault_secret.pk",
            "module.sap_deployer.data.azurerm_key_vault_secret.ppk",
            "module.sap_deployer.data.azurerm_key_vault_secret.username",
            "module.sap_deployer.data.azurerm_resource_group.deployer",
            "module.sap_deployer.data.azurerm_storage_account.deployer",
            "module.sap_deployer.data.azurerm_subnet.subnet_mgmt",
            "module.sap_deployer.data.azurerm_virtual_network.vnet_mgmt",
            "module.sap_deployer.random_id.deployer",
            "module.sap_deployer.tls_private_key.deployer"
          ]
        }
      ]
    },
    {
      "module": "module.sap_deployer",
      "mode": "managed",
      "type": "time_sleep",
      "name": "wait_for_appconf_dataowner_assignment",
      "provider": "provider[\"registry.terraform.io/hashicorp/time\"]",
      "instances": [
        {
          "schema_version": 0,
          "attributes": {
            "create_duration": "60s",
            "destroy_duration": null,
            "id": "2024-03-11T16:11:26Z",
            "triggers": null
          },
          "sensitive_attributes": [],
          "dependencies": [
            "module.sap_deployer.azurerm_app_configuration.app_config",
            "module.sap_deployer.azurerm_resource_group.deployer",
            "module.sap_deployer.azurerm_role_assignment.appconf_dataowner",
            "module.sap_deployer.azurerm_role_assignment.appconf_dataowner2",
            "module.sap_deployer.data.azurerm_client_config.current",
            "module.sap_deployer.data.azurerm_resource_group.deployer",
            "module.sap_deployer.random_id.deployer"
          ]
        }
      ]
    },
    {
      "module": "module.sap_deployer",
      "mode": "managed",
      "type": "tls_private_key",
      "name": "deployer",
      "provider": "provider[\"registry.terraform.io/hashicorp/tls\"]",
      "instances": [
        {
          "index_key": 0,
          "schema_version": 1,
          "attributes": {
            "algorithm": "RSA",
            "ecdsa_curve": "P224",
            "id": "1c109249d1ade910c958c6bef565efb7b8b3be72",
            "private_key_openssh": "-----BEGIN OPENSSH PRIVATE KEY-----\nb3BlbnNzaC1rZXktdjEAAAAABG5vbmUAAAAEbm9uZQAAAAAAAAABAAABFwAAAAdz\nc2gtcnNhAAAAAwEAAQAAAQEAyMNbwZ6NbLNpkBUllG6IBBQjLvB3fQOlG3djp6kp\ndlGMxqgyqgtWSk3EHoLuhCz7XPohpCEFr28tgmnGIqbkARjQ1o7ZzoIFWvMc4EDb\nNec+gY0PRvpeoy6B5qqiL1h+83UbdtbU+2ptAlmpNiJTAc2vpBG3Wm4a8W+1CLIL\nIpHHsnotWUkeVA2NgWDf0g+8PGaG6XxslR6veT9uifdAaCjasUSyKLC/GfZ7cobI\nh3oR9oBZ1CojsQEGaZm9aESwp18p264ogrIiEk8IdMg5PVK28khyPehL2SXAuXQc\n0xd5h7S0Oce2ysE+JNBY/Ja7tBuaz1ta49UPG7NmCck3yQAAA7iwQlnlsEJZ5QAA\nAAdzc2gtcnNhAAABAQDIw1vBno1ss2mQFSWUbogEFCMu8Hd9A6Ubd2OnqSl2UYzG\nqDKqC1ZKTcQegu6ELPtc+iGkIQWvby2CacYipuQBGNDWjtnOggVa8xzgQNs15z6B\njQ9G+l6jLoHmqqIvWH7zdRt21tT7am0CWak2IlMBza+kEbdabhrxb7UIsgsikcey\nei1ZSR5UDY2BYN/SD7w8ZobpfGyVHq95P26J90BoKNqxRLIosL8Z9ntyhsiHehH2\ngFnUKiOxAQZpmb1oRLCnXynbriiCsiISTwh0yDk9UrbySHI96EvZJcC5dBzTF3mH\ntLQ5x7bKwT4k0Fj8lru0G5rPW1rj1Q8bs2YJyTfJAAAAAwEAAQAAAQARUGfVZusj\neMWd23UGPBIW5/Ww0qQ7b9kJaV560yf0QEw3xcG40Il8lwBW8UvIsmhrOFc2ZHKt\nEpWGLcEcs+/t+Enqdx9po+T6VwUigfVlzK+jVJsAsA8BW71wOz8JfkRUksDvms97\nb04/aaQiOwuVmDuRlsWNUvmX4N5oBZLYRDskoEhwZJvSM6V5IMaLQxvVYqt2UCUn\nBVISUg9t9IGJfkjBYzDDgoEDxB/3EnqreMbeBrSFkI0Pberlk6sc5AfqmwKwf5z8\nBdDa4YX6l6wcV7o6p1Tl7nEAvj8DX+CTDe7lVKw2KVlrCHFB1SGKoWzZa6eQ+mG1\n7cbA5KRqapgBAAAAgAvladDYqxDkIpAVYDthp02MiT1TkQTxhlxiYGtqatpmxVaL\n/mVewdssh+M5p+kcSLj6VqxPB4qrE3KAzb5+3UPQUUoGvDyyhix5vAnR6e/hzJNQ\ng10UbAQQNp3TBYY9aMsWSOUVoAWZoWW8Gi8GJYoqGqqk+06E94v7JzPn9nGjAAAA\ngQDs3U6hCDKBU/ht1eeltdGKge0JTWUj0p17AicPCmoIOvHLav6xtnh61lDvBqS8\nY+zQL7iTTr4AjOPTK6K/1eVViQ//gh+KVHuyrILRnl1lSHHTz8pQZWvbnidUdeO7\nVe595xGzp2pHsOSar4LZzQaHWQgCGHqf0Wkv6FGzEiJFwQAAAIEA2PtsiqfS2B4A\nH0W7jUSR8B7px9jNY5yG8/u1jbJ29TuJNg+PpHfej7YY+BNb5i9abAtf2M6/5v3u\ntsxAhCjJTn93sJ9i4zl/884L8uRK//s6FwYoo1QTxIN/bi71100JAgB/bA+q0I5F\n409UOogF/d/a2BjOIQ8u91ty2fZtxAkAAAAAAQID\n-----END OPENSSH PRIVATE KEY-----\n",
            "private_key_pem": "-----BEGIN RSA PRIVATE KEY-----\nMIIEpAIBAAKCAQEAyMNbwZ6NbLNpkBUllG6IBBQjLvB3fQOlG3djp6kpdlGMxqgy\nqgtWSk3EHoLuhCz7XPohpCEFr28tgmnGIqbkARjQ1o7ZzoIFWvMc4EDbNec+gY0P\nRvpeoy6B5qqiL1h+83UbdtbU+2ptAlmpNiJTAc2vpBG3Wm4a8W+1CLILIpHHsnot\nWUkeVA2NgWDf0g+8PGaG6XxslR6veT9uifdAaCjasUSyKLC/GfZ7cobIh3oR9oBZ\n1CojsQEGaZm9aESwp18p264ogrIiEk8IdMg5PVK28khyPehL2SXAuXQc0xd5h7S0\nOce2ysE+JNBY/Ja7tBuaz1ta49UPG7NmCck3yQIDAQABAoIBABFQZ9Vm6yN4xZ3b\ndQY8Ehbn9bDSpDtv2QlpXnrTJ/RATDfFwbjQiXyXAFbxS8iyaGs4VzZkcq0SlYYt\nwRyz7+34Sep3H2mj5PpXBSKB9WXMr6NUmwCwDwFbvXA7Pwl+RFSSwO+az3tvTj9p\npCI7C5WYO5GWxY1S+Zfg3mgFkthEOySgSHBkm9IzpXkgxotDG9Viq3ZQJScFUhJS\nD230gYl+SMFjMMOCgQPEH/cSeqt4xt4GtIWQjQ9t6uWTqxzkB+qbArB/nPwF0Nrh\nhfqXrBxXujqnVOXucQC+PwNf4JMN7uVUrDYpWWsIcUHVIYqhbNlrp5D6YbXtxsDk\npGpqmAECgYEA7N1OoQgygVP4bdXnpbXRioHtCU1lI9KdewInDwpqCDrxy2r+sbZ4\netZQ7wakvGPs0C+4k06+AIzj0yuiv9XlVYkP/4IfilR7sqyC0Z5dZUhx08/KUGVr\n254nVHXju1XufecRs6dqR7Dkmq+C2c0Gh1kIAhh6n9FpL+hRsxIiRcECgYEA2Pts\niqfS2B4AH0W7jUSR8B7px9jNY5yG8/u1jbJ29TuJNg+PpHfej7YY+BNb5i9abAtf\n2M6/5v3utsxAhCjJTn93sJ9i4zl/884L8uRK//s6FwYoo1QTxIN/bi71100JAgB/\nbA+q0I5F409UOogF/d/a2BjOIQ8u91ty2fZtxAkCgYEAr4gFuBJyEyNeTE8jnssR\n4PoN5kHjvNtc9waOWXgXQcgk3eGJo7scp7NhQPGEbVQD7/gdaZUF+zRttVV2A4II\ntQ2gvHH627FmBfAP9jXM8rzwFc68GD5A4vzeGppOzMqOteDiXmenvD8b+oIsjymA\nOBdDdwIbBYrTz7vzp6e9nEECgYEAurslHe5vtS2cTU1lqp1oOo1gA2zA1QjP2wiz\npc4AMeuambuqko/WKTc9JcEDRYVa+8COK7dBzziZRxdgLlwrYjKwfn+sSoAhbV/V\nSKLPKJy70TSrpGOm32eLMveW+kKBjgd/oS+agQDvhD+w7O5Cucj8PRybyDeY46b/\noDRDIoECgYAL5WnQ2KsQ5CKQFWA7YadNjIk9U5EE8YZcYmBramraZsVWi/5lXsHb\nLIfjOafpHEi4+lasTweKqxNygM2+ft1D0FFKBrw8soYsebwJ0env4cyTUINdFGwE\nEDad0wWGPWjLFkjlFaAFmaFlvBovBiWKKhqqpPtOhPeL+ycz5/Zxow==\n-----END RSA PRIVATE KEY-----\n",
            "private_key_pem_pkcs8": "-----BEGIN PRIVATE KEY-----\nMIIEvgIBADANBgkqhkiG9w0BAQEFAASCBKgwggSkAgEAAoIBAQDIw1vBno1ss2mQ\nFSWUbogEFCMu8Hd9A6Ubd2OnqSl2UYzGqDKqC1ZKTcQegu6ELPtc+iGkIQWvby2C\nacYipuQBGNDWjtnOggVa8xzgQNs15z6BjQ9G+l6jLoHmqqIvWH7zdRt21tT7am0C\nWak2IlMBza+kEbdabhrxb7UIsgsikceyei1ZSR5UDY2BYN/SD7w8ZobpfGyVHq95\nP26J90BoKNqxRLIosL8Z9ntyhsiHehH2gFnUKiOxAQZpmb1oRLCnXynbriiCsiIS\nTwh0yDk9UrbySHI96EvZJcC5dBzTF3mHtLQ5x7bKwT4k0Fj8lru0G5rPW1rj1Q8b\ns2YJyTfJAgMBAAECggEAEVBn1WbrI3jFndt1BjwSFuf1sNKkO2/ZCWleetMn9EBM\nN8XBuNCJfJcAVvFLyLJoazhXNmRyrRKVhi3BHLPv7fhJ6ncfaaPk+lcFIoH1Zcyv\no1SbALAPAVu9cDs/CX5EVJLA75rPe29OP2mkIjsLlZg7kZbFjVL5l+DeaAWS2EQ7\nJKBIcGSb0jOleSDGi0Mb1WKrdlAlJwVSElIPbfSBiX5IwWMww4KBA8Qf9xJ6q3jG\n3ga0hZCND23q5ZOrHOQH6psCsH+c/AXQ2uGF+pesHFe6OqdU5e5xAL4/A1/gkw3u\n5VSsNilZawhxQdUhiqFs2WunkPphte3GwOSkamqYAQKBgQDs3U6hCDKBU/ht1eel\ntdGKge0JTWUj0p17AicPCmoIOvHLav6xtnh61lDvBqS8Y+zQL7iTTr4AjOPTK6K/\n1eVViQ//gh+KVHuyrILRnl1lSHHTz8pQZWvbnidUdeO7Ve595xGzp2pHsOSar4LZ\nzQaHWQgCGHqf0Wkv6FGzEiJFwQKBgQDY+2yKp9LYHgAfRbuNRJHwHunH2M1jnIbz\n+7WNsnb1O4k2D4+kd96Pthj4E1vmL1psC1/Yzr/m/e62zECEKMlOf3ewn2LjOX/z\nzgvy5Er/+zoXBiijVBPEg39uLvXXTQkCAH9sD6rQjkXjT1Q6iAX939rYGM4hDy73\nW3LZ9m3ECQKBgQCviAW4EnITI15MTyOeyxHg+g3mQeO821z3Bo5ZeBdByCTd4Ymj\nuxyns2FA8YRtVAPv+B1plQX7NG21VXYDggi1DaC8cfrbsWYF8A/2NczyvPAVzrwY\nPkDi/N4amk7Myo614OJeZ6e8Pxv6giyPKYA4F0N3AhsFitPPu/Onp72cQQKBgQC6\nuyUd7m+1LZxNTWWqnWg6jWADbMDVCM/bCLOlzgAx65qZu6qSj9YpNz0lwQNFhVr7\nwI4rt0HPOJlHF2AuXCtiMrB+f6xKgCFtX9VIos8onLvRNKukY6bfZ4sy95b6QoGO\nB3+hL5qBAO+EP7Ds7kK5yPw9HJvIN5jjpv+gNEMigQKBgAvladDYqxDkIpAVYDth\np02MiT1TkQTxhlxiYGtqatpmxVaL/mVewdssh+M5p+kcSLj6VqxPB4qrE3KAzb5+\n3UPQUUoGvDyyhix5vAnR6e/hzJNQg10UbAQQNp3TBYY9aMsWSOUVoAWZoWW8Gi8G\nJYoqGqqk+06E94v7JzPn9nGj\n-----END PRIVATE KEY-----\n",
            "public_key_fingerprint_md5": "8d:41:41:a1:f7:88:ff:1a:f9:f9:29:da:48:19:2d:f3",
            "public_key_fingerprint_sha256": "SHA256:HOTONouDr59T7UxK3f4GD0gLUQbuYmNL3+vzeNsJM3A",
            "public_key_openssh": "ssh-rsa AAAAB3NzaC1yc2EAAAADAQABAAABAQDIw1vBno1ss2mQFSWUbogEFCMu8Hd9A6Ubd2OnqSl2UYzGqDKqC1ZKTcQegu6ELPtc+iGkIQWvby2CacYipuQBGNDWjtnOggVa8xzgQNs15z6BjQ9G+l6jLoHmqqIvWH7zdRt21tT7am0CWak2IlMBza+kEbdabhrxb7UIsgsikceyei1ZSR5UDY2BYN/SD7w8ZobpfGyVHq95P26J90BoKNqxRLIosL8Z9ntyhsiHehH2gFnUKiOxAQZpmb1oRLCnXynbriiCsiISTwh0yDk9UrbySHI96EvZJcC5dBzTF3mHtLQ5x7bKwT4k0Fj8lru0G5rPW1rj1Q8bs2YJyTfJ\n",
            "public_key_pem": "-----BEGIN PUBLIC KEY-----\nMIIBIjANBgkqhkiG9w0BAQEFAAOCAQ8AMIIBCgKCAQEAyMNbwZ6NbLNpkBUllG6I\nBBQjLvB3fQOlG3djp6kpdlGMxqgyqgtWSk3EHoLuhCz7XPohpCEFr28tgmnGIqbk\nARjQ1o7ZzoIFWvMc4EDbNec+gY0PRvpeoy6B5qqiL1h+83UbdtbU+2ptAlmpNiJT\nAc2vpBG3Wm4a8W+1CLILIpHHsnotWUkeVA2NgWDf0g+8PGaG6XxslR6veT9uifdA\naCjasUSyKLC/GfZ7cobIh3oR9oBZ1CojsQEGaZm9aESwp18p264ogrIiEk8IdMg5\nPVK28khyPehL2SXAuXQc0xd5h7S0Oce2ysE+JNBY/Ja7tBuaz1ta49UPG7NmCck3\nyQIDAQAB\n-----END PUBLIC KEY-----\n",
            "rsa_bits": 2048
          },
          "sensitive_attributes": []
        }
      ]
    }
  ],
  "check_results": [
    {
      "object_kind": "var",
      "config_addr": "module.sap_deployer.var.app_service",
      "status": "unknown",
      "objects": [
        {
          "object_addr": "module.sap_deployer.var.app_service",
          "status": "unknown"
        }
      ]
    },
    {
      "object_kind": "var",
      "config_addr": "var.infrastructure",
      "status": "pass",
      "objects": [
        {
          "object_addr": "var.infrastructure",
          "status": "pass"
        }
      ]
    },
    {
      "object_kind": "var",
      "config_addr": "var.key_vault",
      "status": "pass",
      "objects": [
        {
          "object_addr": "var.key_vault",
          "status": "pass"
        }
      ]
    },
    {
      "object_kind": "var",
      "config_addr": "var.authentication",
      "status": "pass",
      "objects": [
        {
          "object_addr": "var.authentication",
          "status": "pass"
        }
      ]
    }
  ]
}
